Microsoft Visual Studio Solution File, Format Version 12.00
# Visual Studio 15
Project("{8BC9CEB8-8B4A-11D0-8D11-00A0C91BC942}") = "ALL_BUILD", "ALL_BUILD.vcxproj", "{69BD526F-E389-3B72-9B2C-178ABF7D5CE0}"
	ProjectSection(ProjectDependencies) = postProject
		{4EB2C152-2CAF-3444-BCDD-D01F645313B9} = {4EB2C152-2CAF-3444-BCDD-D01F645313B9}
		{611100F5-8822-3519-A975-CE7D309FB066} = {611100F5-8822-3519-A975-CE7D309FB066}
		{D3695768-15F3-302D-BAE7-60D2494BCDFB} = {D3695768-15F3-302D-BAE7-60D2494BCDFB}
		{EF21FCB5-6F1D-334D-B36D-A3287889CF9B} = {EF21FCB5-6F1D-334D-B36D-A3287889CF9B}
		{E220190E-75C8-3457-A16A-5E391953F263} = {E220190E-75C8-3457-A16A-5E391953F263}
		{ECCF5D0F-D8A1-34AB-A022-02854D7A3404} = {ECCF5D0F-D8A1-34AB-A022-02854D7A3404}
		{CF510824-1DF2-3362-8599-D0EFE09AD18A} = {CF510824-1DF2-3362-8599-D0EFE09AD18A}
		{E60F8882-2517-30BF-9F36-B2890E02D466} = {E60F8882-2517-30BF-9F36-B2890E02D466}
		{CD469005-BAA0-3D51-AB35-4C55F10019FB} = {CD469005-BAA0-3D51-AB35-4C55F10019FB}
		{9C1DB4B9-8922-32F3-99F2-C7F632D28DD9} = {9C1DB4B9-8922-32F3-99F2-C7F632D28DD9}
		{05C0C57F-6835-3CD4-96CB-9D92915913FF} = {05C0C57F-6835-3CD4-96CB-9D92915913FF}
		{8BB8D8C4-FDC4-30DC-BFA4-C0ABBA87D126} = {8BB8D8C4-FDC4-30DC-BFA4-C0ABBA87D126}
		{91638437-9A50-352C-8757-5C38E73A91A7} = {91638437-9A50-352C-8757-5C38E73A91A7}
		{B73C6AF3-5B80-3E5E-A16C-3D775B721563} = {B73C6AF3-5B80-3E5E-A16C-3D775B721563}
		{1496D1A0-7AAE-3A6E-BA98-09722903A646} = {1496D1A0-7AAE-3A6E-BA98-09722903A646}
		{68544568-55A3-3754-8DBF-EAFF8E3BF6EB} = {68544568-55A3-3754-8DBF-EAFF8E3BF6EB}
		{25D56A77-2F51-3774-855E-5C158FB53274} = {25D56A77-2F51-3774-855E-5C158FB53274}
		{37A8C72A-A70A-3F32-A848-7C88EA85B1B7} = {37A8C72A-A70A-3F32-A848-7C88EA85B1B7}
		{7A9C9D2A-E6B8-3B59-B773-99E546982957} = {7A9C9D2A-E6B8-3B59-B773-99E546982957}
		{61983F29-70B4-3345-843E-D526438CF7DE} = {61983F29-70B4-3345-843E-D526438CF7DE}
		{C1282230-67D7-3B7C-BFC4-5D3DF06153AA} = {C1282230-67D7-3B7C-BFC4-5D3DF06153AA}
		{89A2F2D7-89EE-36F3-8CD2-DB4A91587823} = {89A2F2D7-89EE-36F3-8CD2-DB4A91587823}
		{DA3E871C-599E-3CD9-ABCF-4ACBB30F6A89} = {DA3E871C-599E-3CD9-ABCF-4ACBB30F6A89}
		{9867889A-C6D3-34C8-A8BF-6E5B269386D9} = {9867889A-C6D3-34C8-A8BF-6E5B269386D9}
		{07681A23-4E19-319D-859A-A0B9CDFEA337} = {07681A23-4E19-319D-859A-A0B9CDFEA337}
		{9DA28869-3520-3EBD-AC56-544F88BFC388} = {9DA28869-3520-3EBD-AC56-544F88BFC388}
		{E148FB56-CAE4-3155-BC10-1E97E8599B45} = {E148FB56-CAE4-3155-BC10-1E97E8599B45}
		{4BA7BE16-C4A3-3382-8D79-BE43A66E8702} = {4BA7BE16-C4A3-3382-8D79-BE43A66E8702}
		{E35E4FFF-D215-3762-9E3E-B07DE8805455} = {E35E4FFF-D215-3762-9E3E-B07DE8805455}
		{E6195FB5-224D-3927-AD7A-7C09B403F44C} = {E6195FB5-224D-3927-AD7A-7C09B403F44C}
		{11B7E3F9-15ED-3A88-B094-E088BCC25B15} = {11B7E3F9-15ED-3A88-B094-E088BCC25B15}
		{21B66226-8839-33D1-A1EF-007C7C1D0657} = {21B66226-8839-33D1-A1EF-007C7C1D0657}
		{738FC15B-8CA7-3404-942D-61339AD40791} = {738FC15B-8CA7-3404-942D-61339AD40791}
		{39F809D5-0474-3D01-BFF4-C78068E1D01D} = {39F809D5-0474-3D01-BFF4-C78068E1D01D}
		{2933844F-497B-3215-B7AE-E7F4FA8E9BDE} = {2933844F-497B-3215-B7AE-E7F4FA8E9BDE}
		{507C0C51-23AF-30D8-9AAD-A33FFB4945A5} = {507C0C51-23AF-30D8-9AAD-A33FFB4945A5}
		{2F070647-3AD2-3CA2-9B1B-D77A0247085B} = {2F070647-3AD2-3CA2-9B1B-D77A0247085B}
		{09CC8E05-DD14-35A5-B8D0-89B46F17C857} = {09CC8E05-DD14-35A5-B8D0-89B46F17C857}
		{C3B45A13-E345-3BEE-9183-68ED42ADEE53} = {C3B45A13-E345-3BEE-9183-68ED42ADEE53}
		{5F9355FA-BD4D-3AE5-97B4-C9CD7C9483AE} = {5F9355FA-BD4D-3AE5-97B4-C9CD7C9483AE}
		{AC660957-894A-3C35-8E1F-5F7E1EFC9175} = {AC660957-894A-3C35-8E1F-5F7E1EFC9175}
		{B33D8591-BDF8-39D3-B07A-C86DF05245F1} = {B33D8591-BDF8-39D3-B07A-C86DF05245F1}
		{06656CC6-1C89-34B3-A901-40F8DD68F827} = {06656CC6-1C89-34B3-A901-40F8DD68F827}
		{4E53F6C8-DB3B-3D8D-A713-8DD78ACBAD88} = {4E53F6C8-DB3B-3D8D-A713-8DD78ACBAD88}
		{AF4DC732-C446-3704-AA06-9E976BFA1B34} = {AF4DC732-C446-3704-AA06-9E976BFA1B34}
		{5740F04A-33D7-3185-A6AE-6C6A82431BA0} = {5740F04A-33D7-3185-A6AE-6C6A82431BA0}
		{49A2ABB3-7708-3CBD-99B0-609DB9F5403A} = {49A2ABB3-7708-3CBD-99B0-609DB9F5403A}
		{9EACD417-431D-3113-AA2A-BDAE0FF874A6} = {9EACD417-431D-3113-AA2A-BDAE0FF874A6}
		{55112518-87E6-3101-8CF5-FACA330289E4} = {55112518-87E6-3101-8CF5-FACA330289E4}
		{7106755C-6F93-30BA-8C8F-6A4A992C2A95} = {7106755C-6F93-30BA-8C8F-6A4A992C2A95}
		{13B286F7-B66E-3E9C-9A21-3F64AB9D95F1} = {13B286F7-B66E-3E9C-9A21-3F64AB9D95F1}
		{ED2C7ACF-280D-3CD1-96D2-A703BCE9B6F1} = {ED2C7ACF-280D-3CD1-96D2-A703BCE9B6F1}
		{8D1230E9-8F86-33DB-A14E-16D7A8E7C187} = {8D1230E9-8F86-33DB-A14E-16D7A8E7C187}
		{D7927217-9AD6-3265-A2E3-1CE45CD23F2E} = {D7927217-9AD6-3265-A2E3-1CE45CD23F2E}
		{0408A52F-B668-3F0F-9CB1-C8357E651C91} = {0408A52F-B668-3F0F-9CB1-C8357E651C91}
		{E24B2509-52FB-3C73-9493-C0F898E3F163} = {E24B2509-52FB-3C73-9493-C0F898E3F163}
		{B24DFF99-F95D-3068-943A-15B40002EF90} = {B24DFF99-F95D-3068-943A-15B40002EF90}
		{8B98A683-4FC6-3856-88DE-355D706B16E5} = {8B98A683-4FC6-3856-88DE-355D706B16E5}
		{94E16365-3AA7-3D71-A26B-3EE2931AE86F} = {94E16365-3AA7-3D71-A26B-3EE2931AE86F}
		{7633AC77-9554-3B86-9E8E-2AF12E65A82F} = {7633AC77-9554-3B86-9E8E-2AF12E65A82F}
		{E090FF0A-979E-3E5A-818E-6E1BBB953CB7} = {E090FF0A-979E-3E5A-818E-6E1BBB953CB7}
	EndProjectSection
EndProject
Project("{8BC9CEB8-8B4A-11D0-8D11-00A0C91BC942}") = "Continuous", "Continuous.vcxproj", "{3C0404A8-070A-3F97-9EDA-69F80F80ACF6}"
	ProjectSection(ProjectDependencies) = postProject
		{68544568-55A3-3754-8DBF-EAFF8E3BF6EB} = {68544568-55A3-3754-8DBF-EAFF8E3BF6EB}
	EndProjectSection
EndProject
Project("{8BC9CEB8-8B4A-11D0-8D11-00A0C91BC942}") = "Experimental", "Experimental.vcxproj", "{FB19FF02-1BBE-3AEE-BD02-7213D23808EB}"
	ProjectSection(ProjectDependencies) = postProject
		{68544568-55A3-3754-8DBF-EAFF8E3BF6EB} = {68544568-55A3-3754-8DBF-EAFF8E3BF6EB}
	EndProjectSection
EndProject
Project("{8BC9CEB8-8B4A-11D0-8D11-00A0C91BC942}") = "INSTALL", "INSTALL.vcxproj", "{D8718C65-38EF-38A9-997A-0973A130AAD8}"
	ProjectSection(ProjectDependencies) = postProject
		{69BD526F-E389-3B72-9B2C-178ABF7D5CE0} = {69BD526F-E389-3B72-9B2C-178ABF7D5CE0}
		{68544568-55A3-3754-8DBF-EAFF8E3BF6EB} = {68544568-55A3-3754-8DBF-EAFF8E3BF6EB}
	EndProjectSection
EndProject
Project("{8BC9CEB8-8B4A-11D0-8D11-00A0C91BC942}") = "Nightly", "Nightly.vcxproj", "{6B5EA11C-374F-3B79-ACA4-F3ADA4BB496D}"
	ProjectSection(ProjectDependencies) = postProject
		{68544568-55A3-3754-8DBF-EAFF8E3BF6EB} = {68544568-55A3-3754-8DBF-EAFF8E3BF6EB}
	EndProjectSection
EndProject
Project("{8BC9CEB8-8B4A-11D0-8D11-00A0C91BC942}") = "NightlyMemoryCheck", "NightlyMemoryCheck.vcxproj", "{3A133480-3F8F-3567-BDE4-17668885E48C}"
	ProjectSection(ProjectDependencies) = postProject
		{68544568-55A3-3754-8DBF-EAFF8E3BF6EB} = {68544568-55A3-3754-8DBF-EAFF8E3BF6EB}
	EndProjectSection
EndProject
Project("{8BC9CEB8-8B4A-11D0-8D11-00A0C91BC942}") = "RHDF4", "SimIO\In\RHDF4.vcxproj", "{4EB2C152-2CAF-3444-BCDD-D01F645313B9}"
	ProjectSection(ProjectDependencies) = postProject
		{68544568-55A3-3754-8DBF-EAFF8E3BF6EB} = {68544568-55A3-3754-8DBF-EAFF8E3BF6EB}
	EndProjectSection
EndProject
Project("{8BC9CEB8-8B4A-11D0-8D11-00A0C91BC942}") = "RUN_TESTS", "RUN_TESTS.vcxproj", "{9616256E-60A4-3C9F-A789-5E4E82A91EA7}"
	ProjectSection(ProjectDependencies) = postProject
		{68544568-55A3-3754-8DBF-EAFF8E3BF6EB} = {68544568-55A3-3754-8DBF-EAFF8E3BF6EB}
	EndProjectSection
EndProject
Project("{8BC9CEB8-8B4A-11D0-8D11-00A0C91BC942}") = "SIM", "SIM\SIM.vcxproj", "{611100F5-8822-3519-A975-CE7D309FB066}"
	ProjectSection(ProjectDependencies) = postProject
		{D3695768-15F3-302D-BAE7-60D2494BCDFB} = {D3695768-15F3-302D-BAE7-60D2494BCDFB}
		{68544568-55A3-3754-8DBF-EAFF8E3BF6EB} = {68544568-55A3-3754-8DBF-EAFF8E3BF6EB}
	EndProjectSection
EndProject
Project("{8BC9CEB8-8B4A-11D0-8D11-00A0C91BC942}") = "SITCOM", "COM\SITCOM.vcxproj", "{D3695768-15F3-302D-BAE7-60D2494BCDFB}"
	ProjectSection(ProjectDependencies) = postProject
		{68544568-55A3-3754-8DBF-EAFF8E3BF6EB} = {68544568-55A3-3754-8DBF-EAFF8E3BF6EB}
	EndProjectSection
EndProject
Project("{8BC9CEB8-8B4A-11D0-8D11-00A0C91BC942}") = "SITCOMF", "COM\SITCOMF.vcxproj", "{EF21FCB5-6F1D-334D-B36D-A3287889CF9B}"
	ProjectSection(ProjectDependencies) = postProject
		{D3695768-15F3-302D-BAE7-60D2494BCDFB} = {D3695768-15F3-302D-BAE7-60D2494BCDFB}
		{68544568-55A3-3754-8DBF-EAFF8E3BF6EB} = {68544568-55A3-3754-8DBF-EAFF8E3BF6EB}
	EndProjectSection
EndProject
Project("{6989167D-11E4-40FE-8C1A-2192A86A7E90}") = "SITCOMF2", "COM\SITCOMF2.vfproj", "{E220190E-75C8-3457-A16A-5E391953F263}"
	ProjectSection(ProjectDependencies) = postProject
		{D3695768-15F3-302D-BAE7-60D2494BCDFB} = {D3695768-15F3-302D-BAE7-60D2494BCDFB}
		{68544568-55A3-3754-8DBF-EAFF8E3BF6EB} = {68544568-55A3-3754-8DBF-EAFF8E3BF6EB}
	EndProjectSection
EndProject
Project("{8BC9CEB8-8B4A-11D0-8D11-00A0C91BC942}") = "SimIN", "SimIO\In\SimIN.vcxproj", "{ECCF5D0F-D8A1-34AB-A022-02854D7A3404}"
	ProjectSection(ProjectDependencies) = postProject
		{4EB2C152-2CAF-3444-BCDD-D01F645313B9} = {4EB2C152-2CAF-3444-BCDD-D01F645313B9}
		{D3695768-15F3-302D-BAE7-60D2494BCDFB} = {D3695768-15F3-302D-BAE7-60D2494BCDFB}
		{68544568-55A3-3754-8DBF-EAFF8E3BF6EB} = {68544568-55A3-3754-8DBF-EAFF8E3BF6EB}
	EndProjectSection
EndProject
Project("{8BC9CEB8-8B4A-11D0-8D11-00A0C91BC942}") = "SimOUT", "SimIO\Out\SimOUT.vcxproj", "{CF510824-1DF2-3362-8599-D0EFE09AD18A}"
	ProjectSection(ProjectDependencies) = postProject
		{4EB2C152-2CAF-3444-BCDD-D01F645313B9} = {4EB2C152-2CAF-3444-BCDD-D01F645313B9}
		{D3695768-15F3-302D-BAE7-60D2494BCDFB} = {D3695768-15F3-302D-BAE7-60D2494BCDFB}
		{ECCF5D0F-D8A1-34AB-A022-02854D7A3404} = {ECCF5D0F-D8A1-34AB-A022-02854D7A3404}
		{68544568-55A3-3754-8DBF-EAFF8E3BF6EB} = {68544568-55A3-3754-8DBF-EAFF8E3BF6EB}
	EndProjectSection
EndProject
Project("{8BC9CEB8-8B4A-11D0-8D11-00A0C91BC942}") = "Simpal", "Simpal\Simpal.vcxproj", "{E60F8882-2517-30BF-9F36-B2890E02D466}"
	ProjectSection(ProjectDependencies) = postProject
		{D3695768-15F3-302D-BAE7-60D2494BCDFB} = {D3695768-15F3-302D-BAE7-60D2494BCDFB}
		{68544568-55A3-3754-8DBF-EAFF8E3BF6EB} = {68544568-55A3-3754-8DBF-EAFF8E3BF6EB}
	EndProjectSection
EndProject
Project("{8BC9CEB8-8B4A-11D0-8D11-00A0C91BC942}") = "SurfMap", "SurfMap\SurfMap.vcxproj", "{CD469005-BAA0-3D51-AB35-4C55F10019FB}"
	ProjectSection(ProjectDependencies) = postProject
		{4EB2C152-2CAF-3444-BCDD-D01F645313B9} = {4EB2C152-2CAF-3444-BCDD-D01F645313B9}
		{D3695768-15F3-302D-BAE7-60D2494BCDFB} = {D3695768-15F3-302D-BAE7-60D2494BCDFB}
		{ECCF5D0F-D8A1-34AB-A022-02854D7A3404} = {ECCF5D0F-D8A1-34AB-A022-02854D7A3404}
		{CF510824-1DF2-3362-8599-D0EFE09AD18A} = {CF510824-1DF2-3362-8599-D0EFE09AD18A}
		{68544568-55A3-3754-8DBF-EAFF8E3BF6EB} = {68544568-55A3-3754-8DBF-EAFF8E3BF6EB}
	EndProjectSection
EndProject
Project("{8BC9CEB8-8B4A-11D0-8D11-00A0C91BC942}") = "SurfUtil", "SurfUtil\SurfUtil.vcxproj", "{9C1DB4B9-8922-32F3-99F2-C7F632D28DD9}"
	ProjectSection(ProjectDependencies) = postProject
		{4EB2C152-2CAF-3444-BCDD-D01F645313B9} = {4EB2C152-2CAF-3444-BCDD-D01F645313B9}
		{D3695768-15F3-302D-BAE7-60D2494BCDFB} = {D3695768-15F3-302D-BAE7-60D2494BCDFB}
		{ECCF5D0F-D8A1-34AB-A022-02854D7A3404} = {ECCF5D0F-D8A1-34AB-A022-02854D7A3404}
		{CF510824-1DF2-3362-8599-D0EFE09AD18A} = {CF510824-1DF2-3362-8599-D0EFE09AD18A}
		{E60F8882-2517-30BF-9F36-B2890E02D466} = {E60F8882-2517-30BF-9F36-B2890E02D466}
		{CD469005-BAA0-3D51-AB35-4C55F10019FB} = {CD469005-BAA0-3D51-AB35-4C55F10019FB}
		{68544568-55A3-3754-8DBF-EAFF8E3BF6EB} = {68544568-55A3-3754-8DBF-EAFF8E3BF6EB}
	EndProjectSection
EndProject
Project("{8BC9CEB8-8B4A-11D0-8D11-00A0C91BC942}") = "SurfX", "SurfX\SurfX.vcxproj", "{05C0C57F-6835-3CD4-96CB-9D92915913FF}"
	ProjectSection(ProjectDependencies) = postProject
		{4EB2C152-2CAF-3444-BCDD-D01F645313B9} = {4EB2C152-2CAF-3444-BCDD-D01F645313B9}
		{D3695768-15F3-302D-BAE7-60D2494BCDFB} = {D3695768-15F3-302D-BAE7-60D2494BCDFB}
		{ECCF5D0F-D8A1-34AB-A022-02854D7A3404} = {ECCF5D0F-D8A1-34AB-A022-02854D7A3404}
		{CF510824-1DF2-3362-8599-D0EFE09AD18A} = {CF510824-1DF2-3362-8599-D0EFE09AD18A}
		{E60F8882-2517-30BF-9F36-B2890E02D466} = {E60F8882-2517-30BF-9F36-B2890E02D466}
		{CD469005-BAA0-3D51-AB35-4C55F10019FB} = {CD469005-BAA0-3D51-AB35-4C55F10019FB}
		{9C1DB4B9-8922-32F3-99F2-C7F632D28DD9} = {9C1DB4B9-8922-32F3-99F2-C7F632D28DD9}
		{68544568-55A3-3754-8DBF-EAFF8E3BF6EB} = {68544568-55A3-3754-8DBF-EAFF8E3BF6EB}
	EndProjectSection
EndProject
Project("{6989167D-11E4-40FE-8C1A-2192A86A7E90}") = "TestFortranModule", "ModuleTemplate\TestFortranModule.vfproj", "{8BB8D8C4-FDC4-30DC-BFA4-C0ABBA87D126}"
	ProjectSection(ProjectDependencies) = postProject
		{D3695768-15F3-302D-BAE7-60D2494BCDFB} = {D3695768-15F3-302D-BAE7-60D2494BCDFB}
		{EF21FCB5-6F1D-334D-B36D-A3287889CF9B} = {EF21FCB5-6F1D-334D-B36D-A3287889CF9B}
		{E220190E-75C8-3457-A16A-5E391953F263} = {E220190E-75C8-3457-A16A-5E391953F263}
		{68544568-55A3-3754-8DBF-EAFF8E3BF6EB} = {68544568-55A3-3754-8DBF-EAFF8E3BF6EB}
	EndProjectSection
EndProject
Project("{8BC9CEB8-8B4A-11D0-8D11-00A0C91BC942}") = "TestModule", "ModuleTemplate\TestModule.vcxproj", "{91638437-9A50-352C-8757-5C38E73A91A7}"
	ProjectSection(ProjectDependencies) = postProject
		{D3695768-15F3-302D-BAE7-60D2494BCDFB} = {D3695768-15F3-302D-BAE7-60D2494BCDFB}
		{EF21FCB5-6F1D-334D-B36D-A3287889CF9B} = {EF21FCB5-6F1D-334D-B36D-A3287889CF9B}
		{68544568-55A3-3754-8DBF-EAFF8E3BF6EB} = {68544568-55A3-3754-8DBF-EAFF8E3BF6EB}
	EndProjectSection
EndProject
Project("{8BC9CEB8-8B4A-11D0-8D11-00A0C91BC942}") = "TestModuleDriver", "ModuleTemplate\TestModuleDriver.vcxproj", "{B73C6AF3-5B80-3E5E-A16C-3D775B721563}"
	ProjectSection(ProjectDependencies) = postProject
		{D3695768-15F3-302D-BAE7-60D2494BCDFB} = {D3695768-15F3-302D-BAE7-60D2494BCDFB}
		{EF21FCB5-6F1D-334D-B36D-A3287889CF9B} = {EF21FCB5-6F1D-334D-B36D-A3287889CF9B}
		{E220190E-75C8-3457-A16A-5E391953F263} = {E220190E-75C8-3457-A16A-5E391953F263}
		{8BB8D8C4-FDC4-30DC-BFA4-C0ABBA87D126} = {8BB8D8C4-FDC4-30DC-BFA4-C0ABBA87D126}
		{91638437-9A50-352C-8757-5C38E73A91A7} = {91638437-9A50-352C-8757-5C38E73A91A7}
		{68544568-55A3-3754-8DBF-EAFF8E3BF6EB} = {68544568-55A3-3754-8DBF-EAFF8E3BF6EB}
	EndProjectSection
EndProject
Project("{6989167D-11E4-40FE-8C1A-2192A86A7E90}") = "TestModuleDriverF", "ModuleTemplate\TestModuleDriverF.vfproj", "{1496D1A0-7AAE-3A6E-BA98-09722903A646}"
	ProjectSection(ProjectDependencies) = postProject
		{D3695768-15F3-302D-BAE7-60D2494BCDFB} = {D3695768-15F3-302D-BAE7-60D2494BCDFB}
		{EF21FCB5-6F1D-334D-B36D-A3287889CF9B} = {EF21FCB5-6F1D-334D-B36D-A3287889CF9B}
		{E220190E-75C8-3457-A16A-5E391953F263} = {E220190E-75C8-3457-A16A-5E391953F263}
		{8BB8D8C4-FDC4-30DC-BFA4-C0ABBA87D126} = {8BB8D8C4-FDC4-30DC-BFA4-C0ABBA87D126}
		{91638437-9A50-352C-8757-5C38E73A91A7} = {91638437-9A50-352C-8757-5C38E73A91A7}
		{68544568-55A3-3754-8DBF-EAFF8E3BF6EB} = {68544568-55A3-3754-8DBF-EAFF8E3BF6EB}
	EndProjectSection
EndProject
Project("{8BC9CEB8-8B4A-11D0-8D11-00A0C91BC942}") = "ZERO_CHECK", "ZERO_CHECK.vcxproj", "{68544568-55A3-3754-8DBF-EAFF8E3BF6EB}"
	ProjectSection(ProjectDependencies) = postProject
	EndProjectSection
EndProject
Project("{8BC9CEB8-8B4A-11D0-8D11-00A0C91BC942}") = "addpconn", "SurfMap\addpconn.vcxproj", "{25D56A77-2F51-3774-855E-5C158FB53274}"
	ProjectSection(ProjectDependencies) = postProject
		{4EB2C152-2CAF-3444-BCDD-D01F645313B9} = {4EB2C152-2CAF-3444-BCDD-D01F645313B9}
		{D3695768-15F3-302D-BAE7-60D2494BCDFB} = {D3695768-15F3-302D-BAE7-60D2494BCDFB}
		{ECCF5D0F-D8A1-34AB-A022-02854D7A3404} = {ECCF5D0F-D8A1-34AB-A022-02854D7A3404}
		{CF510824-1DF2-3362-8599-D0EFE09AD18A} = {CF510824-1DF2-3362-8599-D0EFE09AD18A}
		{CD469005-BAA0-3D51-AB35-4C55F10019FB} = {CD469005-BAA0-3D51-AB35-4C55F10019FB}
		{68544568-55A3-3754-8DBF-EAFF8E3BF6EB} = {68544568-55A3-3754-8DBF-EAFF8E3BF6EB}
	EndProjectSection
EndProject
Project("{8BC9CEB8-8B4A-11D0-8D11-00A0C91BC942}") = "autosurfer", "SurfX\autosurfer.vcxproj", "{37A8C72A-A70A-3F32-A848-7C88EA85B1B7}"
	ProjectSection(ProjectDependencies) = postProject
		{4EB2C152-2CAF-3444-BCDD-D01F645313B9} = {4EB2C152-2CAF-3444-BCDD-D01F645313B9}
		{D3695768-15F3-302D-BAE7-60D2494BCDFB} = {D3695768-15F3-302D-BAE7-60D2494BCDFB}
		{ECCF5D0F-D8A1-34AB-A022-02854D7A3404} = {ECCF5D0F-D8A1-34AB-A022-02854D7A3404}
		{CF510824-1DF2-3362-8599-D0EFE09AD18A} = {CF510824-1DF2-3362-8599-D0EFE09AD18A}
		{E60F8882-2517-30BF-9F36-B2890E02D466} = {E60F8882-2517-30BF-9F36-B2890E02D466}
		{CD469005-BAA0-3D51-AB35-4C55F10019FB} = {CD469005-BAA0-3D51-AB35-4C55F10019FB}
		{9C1DB4B9-8922-32F3-99F2-C7F632D28DD9} = {9C1DB4B9-8922-32F3-99F2-C7F632D28DD9}
		{05C0C57F-6835-3CD4-96CB-9D92915913FF} = {05C0C57F-6835-3CD4-96CB-9D92915913FF}
		{68544568-55A3-3754-8DBF-EAFF8E3BF6EB} = {68544568-55A3-3754-8DBF-EAFF8E3BF6EB}
	EndProjectSection
EndProject
Project("{8BC9CEB8-8B4A-11D0-8D11-00A0C91BC942}") = "blastest", "Simpal\blastest.vcxproj", "{7A9C9D2A-E6B8-3B59-B773-99E546982957}"
	ProjectSection(ProjectDependencies) = postProject
		{D3695768-15F3-302D-BAE7-60D2494BCDFB} = {D3695768-15F3-302D-BAE7-60D2494BCDFB}
		{E60F8882-2517-30BF-9F36-B2890E02D466} = {E60F8882-2517-30BF-9F36-B2890E02D466}
		{68544568-55A3-3754-8DBF-EAFF8E3BF6EB} = {68544568-55A3-3754-8DBF-EAFF8E3BF6EB}
	EndProjectSection
EndProject
Project("{8BC9CEB8-8B4A-11D0-8D11-00A0C91BC942}") = "bordertest_hex", "SurfMap\bordertest_hex.vcxproj", "{61983F29-70B4-3345-843E-D526438CF7DE}"
	ProjectSection(ProjectDependencies) = postProject
		{4EB2C152-2CAF-3444-BCDD-D01F645313B9} = {4EB2C152-2CAF-3444-BCDD-D01F645313B9}
		{D3695768-15F3-302D-BAE7-60D2494BCDFB} = {D3695768-15F3-302D-BAE7-60D2494BCDFB}
		{ECCF5D0F-D8A1-34AB-A022-02854D7A3404} = {ECCF5D0F-D8A1-34AB-A022-02854D7A3404}
		{CF510824-1DF2-3362-8599-D0EFE09AD18A} = {CF510824-1DF2-3362-8599-D0EFE09AD18A}
		{CD469005-BAA0-3D51-AB35-4C55F10019FB} = {CD469005-BAA0-3D51-AB35-4C55F10019FB}
		{68544568-55A3-3754-8DBF-EAFF8E3BF6EB} = {68544568-55A3-3754-8DBF-EAFF8E3BF6EB}
	EndProjectSection
EndProject
Project("{8BC9CEB8-8B4A-11D0-8D11-00A0C91BC942}") = "bordertest_struc", "SurfMap\bordertest_struc.vcxproj", "{C1282230-67D7-3B7C-BFC4-5D3DF06153AA}"
	ProjectSection(ProjectDependencies) = postProject
		{4EB2C152-2CAF-3444-BCDD-D01F645313B9} = {4EB2C152-2CAF-3444-BCDD-D01F645313B9}
		{D3695768-15F3-302D-BAE7-60D2494BCDFB} = {D3695768-15F3-302D-BAE7-60D2494BCDFB}
		{ECCF5D0F-D8A1-34AB-A022-02854D7A3404} = {ECCF5D0F-D8A1-34AB-A022-02854D7A3404}
		{CF510824-1DF2-3362-8599-D0EFE09AD18A} = {CF510824-1DF2-3362-8599-D0EFE09AD18A}
		{CD469005-BAA0-3D51-AB35-4C55F10019FB} = {CD469005-BAA0-3D51-AB35-4C55F10019FB}
		{68544568-55A3-3754-8DBF-EAFF8E3BF6EB} = {68544568-55A3-3754-8DBF-EAFF8E3BF6EB}
	EndProjectSection
EndProject
Project("{8BC9CEB8-8B4A-11D0-8D11-00A0C91BC942}") = "bordertestg_hex", "SurfMap\bordertestg_hex.vcxproj", "{89A2F2D7-89EE-36F3-8CD2-DB4A91587823}"
	ProjectSection(ProjectDependencies) = postProject
		{4EB2C152-2CAF-3444-BCDD-D01F645313B9} = {4EB2C152-2CAF-3444-BCDD-D01F645313B9}
		{D3695768-15F3-302D-BAE7-60D2494BCDFB} = {D3695768-15F3-302D-BAE7-60D2494BCDFB}
		{ECCF5D0F-D8A1-34AB-A022-02854D7A3404} = {ECCF5D0F-D8A1-34AB-A022-02854D7A3404}
		{CF510824-1DF2-3362-8599-D0EFE09AD18A} = {CF510824-1DF2-3362-8599-D0EFE09AD18A}
		{CD469005-BAA0-3D51-AB35-4C55F10019FB} = {CD469005-BAA0-3D51-AB35-4C55F10019FB}
		{68544568-55A3-3754-8DBF-EAFF8E3BF6EB} = {68544568-55A3-3754-8DBF-EAFF8E3BF6EB}
	EndProjectSection
EndProject
Project("{8BC9CEB8-8B4A-11D0-8D11-00A0C91BC942}") = "ex1", "SurfX\ex1.vcxproj", "{DA3E871C-599E-3CD9-ABCF-4ACBB30F6A89}"
	ProjectSection(ProjectDependencies) = postProject
		{4EB2C152-2CAF-3444-BCDD-D01F645313B9} = {4EB2C152-2CAF-3444-BCDD-D01F645313B9}
		{D3695768-15F3-302D-BAE7-60D2494BCDFB} = {D3695768-15F3-302D-BAE7-60D2494BCDFB}
		{ECCF5D0F-D8A1-34AB-A022-02854D7A3404} = {ECCF5D0F-D8A1-34AB-A022-02854D7A3404}
		{CF510824-1DF2-3362-8599-D0EFE09AD18A} = {CF510824-1DF2-3362-8599-D0EFE09AD18A}
		{E60F8882-2517-30BF-9F36-B2890E02D466} = {E60F8882-2517-30BF-9F36-B2890E02D466}
		{CD469005-BAA0-3D51-AB35-4C55F10019FB} = {CD469005-BAA0-3D51-AB35-4C55F10019FB}
		{9C1DB4B9-8922-32F3-99F2-C7F632D28DD9} = {9C1DB4B9-8922-32F3-99F2-C7F632D28DD9}
		{05C0C57F-6835-3CD4-96CB-9D92915913FF} = {05C0C57F-6835-3CD4-96CB-9D92915913FF}
		{68544568-55A3-3754-8DBF-EAFF8E3BF6EB} = {68544568-55A3-3754-8DBF-EAFF8E3BF6EB}
	EndProjectSection
EndProject
Project("{8BC9CEB8-8B4A-11D0-8D11-00A0C91BC942}") = "ex2", "SurfX\ex2.vcxproj", "{9867889A-C6D3-34C8-A8BF-6E5B269386D9}"
	ProjectSection(ProjectDependencies) = postProject
		{4EB2C152-2CAF-3444-BCDD-D01F645313B9} = {4EB2C152-2CAF-3444-BCDD-D01F645313B9}
		{D3695768-15F3-302D-BAE7-60D2494BCDFB} = {D3695768-15F3-302D-BAE7-60D2494BCDFB}
		{ECCF5D0F-D8A1-34AB-A022-02854D7A3404} = {ECCF5D0F-D8A1-34AB-A022-02854D7A3404}
		{CF510824-1DF2-3362-8599-D0EFE09AD18A} = {CF510824-1DF2-3362-8599-D0EFE09AD18A}
		{E60F8882-2517-30BF-9F36-B2890E02D466} = {E60F8882-2517-30BF-9F36-B2890E02D466}
		{CD469005-BAA0-3D51-AB35-4C55F10019FB} = {CD469005-BAA0-3D51-AB35-4C55F10019FB}
		{9C1DB4B9-8922-32F3-99F2-C7F632D28DD9} = {9C1DB4B9-8922-32F3-99F2-C7F632D28DD9}
		{05C0C57F-6835-3CD4-96CB-9D92915913FF} = {05C0C57F-6835-3CD4-96CB-9D92915913FF}
		{68544568-55A3-3754-8DBF-EAFF8E3BF6EB} = {68544568-55A3-3754-8DBF-EAFF8E3BF6EB}
	EndProjectSection
EndProject
Project("{8BC9CEB8-8B4A-11D0-8D11-00A0C91BC942}") = "ex3", "SurfX\ex3.vcxproj", "{07681A23-4E19-319D-859A-A0B9CDFEA337}"
	ProjectSection(ProjectDependencies) = postProject
		{4EB2C152-2CAF-3444-BCDD-D01F645313B9} = {4EB2C152-2CAF-3444-BCDD-D01F645313B9}
		{D3695768-15F3-302D-BAE7-60D2494BCDFB} = {D3695768-15F3-302D-BAE7-60D2494BCDFB}
		{ECCF5D0F-D8A1-34AB-A022-02854D7A3404} = {ECCF5D0F-D8A1-34AB-A022-02854D7A3404}
		{CF510824-1DF2-3362-8599-D0EFE09AD18A} = {CF510824-1DF2-3362-8599-D0EFE09AD18A}
		{E60F8882-2517-30BF-9F36-B2890E02D466} = {E60F8882-2517-30BF-9F36-B2890E02D466}
		{CD469005-BAA0-3D51-AB35-4C55F10019FB} = {CD469005-BAA0-3D51-AB35-4C55F10019FB}
		{9C1DB4B9-8922-32F3-99F2-C7F632D28DD9} = {9C1DB4B9-8922-32F3-99F2-C7F632D28DD9}
		{05C0C57F-6835-3CD4-96CB-9D92915913FF} = {05C0C57F-6835-3CD4-96CB-9D92915913FF}
		{68544568-55A3-3754-8DBF-EAFF8E3BF6EB} = {68544568-55A3-3754-8DBF-EAFF8E3BF6EB}
	EndProjectSection
EndProject
Project("{8BC9CEB8-8B4A-11D0-8D11-00A0C91BC942}") = "ex4", "SurfX\ex4.vcxproj", "{9DA28869-3520-3EBD-AC56-544F88BFC388}"
	ProjectSection(ProjectDependencies) = postProject
		{4EB2C152-2CAF-3444-BCDD-D01F645313B9} = {4EB2C152-2CAF-3444-BCDD-D01F645313B9}
		{D3695768-15F3-302D-BAE7-60D2494BCDFB} = {D3695768-15F3-302D-BAE7-60D2494BCDFB}
		{ECCF5D0F-D8A1-34AB-A022-02854D7A3404} = {ECCF5D0F-D8A1-34AB-A022-02854D7A3404}
		{CF510824-1DF2-3362-8599-D0EFE09AD18A} = {CF510824-1DF2-3362-8599-D0EFE09AD18A}
		{E60F8882-2517-30BF-9F36-B2890E02D466} = {E60F8882-2517-30BF-9F36-B2890E02D466}
		{CD469005-BAA0-3D51-AB35-4C55F10019FB} = {CD469005-BAA0-3D51-AB35-4C55F10019FB}
		{9C1DB4B9-8922-32F3-99F2-C7F632D28DD9} = {9C1DB4B9-8922-32F3-99F2-C7F632D28DD9}
		{05C0C57F-6835-3CD4-96CB-9D92915913FF} = {05C0C57F-6835-3CD4-96CB-9D92915913FF}
		{68544568-55A3-3754-8DBF-EAFF8E3BF6EB} = {68544568-55A3-3754-8DBF-EAFF8E3BF6EB}
	EndProjectSection
EndProject
Project("{8BC9CEB8-8B4A-11D0-8D11-00A0C91BC942}") = "ex5", "SurfX\ex5.vcxproj", "{E148FB56-CAE4-3155-BC10-1E97E8599B45}"
	ProjectSection(ProjectDependencies) = postProject
		{4EB2C152-2CAF-3444-BCDD-D01F645313B9} = {4EB2C152-2CAF-3444-BCDD-D01F645313B9}
		{D3695768-15F3-302D-BAE7-60D2494BCDFB} = {D3695768-15F3-302D-BAE7-60D2494BCDFB}
		{ECCF5D0F-D8A1-34AB-A022-02854D7A3404} = {ECCF5D0F-D8A1-34AB-A022-02854D7A3404}
		{CF510824-1DF2-3362-8599-D0EFE09AD18A} = {CF510824-1DF2-3362-8599-D0EFE09AD18A}
		{E60F8882-2517-30BF-9F36-B2890E02D466} = {E60F8882-2517-30BF-9F36-B2890E02D466}
		{CD469005-BAA0-3D51-AB35-4C55F10019FB} = {CD469005-BAA0-3D51-AB35-4C55F10019FB}
		{9C1DB4B9-8922-32F3-99F2-C7F632D28DD9} = {9C1DB4B9-8922-32F3-99F2-C7F632D28DD9}
		{05C0C57F-6835-3CD4-96CB-9D92915913FF} = {05C0C57F-6835-3CD4-96CB-9D92915913FF}
		{68544568-55A3-3754-8DBF-EAFF8E3BF6EB} = {68544568-55A3-3754-8DBF-EAFF8E3BF6EB}
	EndProjectSection
EndProject
Project("{8BC9CEB8-8B4A-11D0-8D11-00A0C91BC942}") = "ex6", "SurfX\ex6.vcxproj", "{4BA7BE16-C4A3-3382-8D79-BE43A66E8702}"
	ProjectSection(ProjectDependencies) = postProject
		{4EB2C152-2CAF-3444-BCDD-D01F645313B9} = {4EB2C152-2CAF-3444-BCDD-D01F645313B9}
		{D3695768-15F3-302D-BAE7-60D2494BCDFB} = {D3695768-15F3-302D-BAE7-60D2494BCDFB}
		{ECCF5D0F-D8A1-34AB-A022-02854D7A3404} = {ECCF5D0F-D8A1-34AB-A022-02854D7A3404}
		{CF510824-1DF2-3362-8599-D0EFE09AD18A} = {CF510824-1DF2-3362-8599-D0EFE09AD18A}
		{E60F8882-2517-30BF-9F36-B2890E02D466} = {E60F8882-2517-30BF-9F36-B2890E02D466}
		{CD469005-BAA0-3D51-AB35-4C55F10019FB} = {CD469005-BAA0-3D51-AB35-4C55F10019FB}
		{9C1DB4B9-8922-32F3-99F2-C7F632D28DD9} = {9C1DB4B9-8922-32F3-99F2-C7F632D28DD9}
		{05C0C57F-6835-3CD4-96CB-9D92915913FF} = {05C0C57F-6835-3CD4-96CB-9D92915913FF}
		{68544568-55A3-3754-8DBF-EAFF8E3BF6EB} = {68544568-55A3-3754-8DBF-EAFF8E3BF6EB}
	EndProjectSection
EndProject
Project("{8BC9CEB8-8B4A-11D0-8D11-00A0C91BC942}") = "ex7", "SurfX\ex7.vcxproj", "{E35E4FFF-D215-3762-9E3E-B07DE8805455}"
	ProjectSection(ProjectDependencies) = postProject
		{4EB2C152-2CAF-3444-BCDD-D01F645313B9} = {4EB2C152-2CAF-3444-BCDD-D01F645313B9}
		{D3695768-15F3-302D-BAE7-60D2494BCDFB} = {D3695768-15F3-302D-BAE7-60D2494BCDFB}
		{ECCF5D0F-D8A1-34AB-A022-02854D7A3404} = {ECCF5D0F-D8A1-34AB-A022-02854D7A3404}
		{CF510824-1DF2-3362-8599-D0EFE09AD18A} = {CF510824-1DF2-3362-8599-D0EFE09AD18A}
		{E60F8882-2517-30BF-9F36-B2890E02D466} = {E60F8882-2517-30BF-9F36-B2890E02D466}
		{CD469005-BAA0-3D51-AB35-4C55F10019FB} = {CD469005-BAA0-3D51-AB35-4C55F10019FB}
		{9C1DB4B9-8922-32F3-99F2-C7F632D28DD9} = {9C1DB4B9-8922-32F3-99F2-C7F632D28DD9}
		{05C0C57F-6835-3CD4-96CB-9D92915913FF} = {05C0C57F-6835-3CD4-96CB-9D92915913FF}
		{68544568-55A3-3754-8DBF-EAFF8E3BF6EB} = {68544568-55A3-3754-8DBF-EAFF8E3BF6EB}
	EndProjectSection
EndProject
Project("{8BC9CEB8-8B4A-11D0-8D11-00A0C91BC942}") = "hdf2plt", "SimIO\In\hdf2plt.vcxproj", "{E6195FB5-224D-3927-AD7A-7C09B403F44C}"
	ProjectSection(ProjectDependencies) = postProject
		{4EB2C152-2CAF-3444-BCDD-D01F645313B9} = {4EB2C152-2CAF-3444-BCDD-D01F645313B9}
		{D3695768-15F3-302D-BAE7-60D2494BCDFB} = {D3695768-15F3-302D-BAE7-60D2494BCDFB}
		{ECCF5D0F-D8A1-34AB-A022-02854D7A3404} = {ECCF5D0F-D8A1-34AB-A022-02854D7A3404}
		{68544568-55A3-3754-8DBF-EAFF8E3BF6EB} = {68544568-55A3-3754-8DBF-EAFF8E3BF6EB}
	EndProjectSection
EndProject
Project("{8BC9CEB8-8B4A-11D0-8D11-00A0C91BC942}") = "hdf2vtk", "SimIO\In\hdf2vtk.vcxproj", "{11B7E3F9-15ED-3A88-B094-E088BCC25B15}"
	ProjectSection(ProjectDependencies) = postProject
		{4EB2C152-2CAF-3444-BCDD-D01F645313B9} = {4EB2C152-2CAF-3444-BCDD-D01F645313B9}
		{D3695768-15F3-302D-BAE7-60D2494BCDFB} = {D3695768-15F3-302D-BAE7-60D2494BCDFB}
		{ECCF5D0F-D8A1-34AB-A022-02854D7A3404} = {ECCF5D0F-D8A1-34AB-A022-02854D7A3404}
		{68544568-55A3-3754-8DBF-EAFF8E3BF6EB} = {68544568-55A3-3754-8DBF-EAFF8E3BF6EB}
	EndProjectSection
EndProject
Project("{8BC9CEB8-8B4A-11D0-8D11-00A0C91BC942}") = "im2hdf", "SurfUtil\im2hdf.vcxproj", "{21B66226-8839-33D1-A1EF-007C7C1D0657}"
	ProjectSection(ProjectDependencies) = postProject
		{4EB2C152-2CAF-3444-BCDD-D01F645313B9} = {4EB2C152-2CAF-3444-BCDD-D01F645313B9}
		{D3695768-15F3-302D-BAE7-60D2494BCDFB} = {D3695768-15F3-302D-BAE7-60D2494BCDFB}
		{ECCF5D0F-D8A1-34AB-A022-02854D7A3404} = {ECCF5D0F-D8A1-34AB-A022-02854D7A3404}
		{CF510824-1DF2-3362-8599-D0EFE09AD18A} = {CF510824-1DF2-3362-8599-D0EFE09AD18A}
		{E60F8882-2517-30BF-9F36-B2890E02D466} = {E60F8882-2517-30BF-9F36-B2890E02D466}
		{CD469005-BAA0-3D51-AB35-4C55F10019FB} = {CD469005-BAA0-3D51-AB35-4C55F10019FB}
		{9C1DB4B9-8922-32F3-99F2-C7F632D28DD9} = {9C1DB4B9-8922-32F3-99F2-C7F632D28DD9}
		{68544568-55A3-3754-8DBF-EAFF8E3BF6EB} = {68544568-55A3-3754-8DBF-EAFF8E3BF6EB}
	EndProjectSection
EndProject
Project("{8BC9CEB8-8B4A-11D0-8D11-00A0C91BC942}") = "imtest", "SurfUtil\imtest.vcxproj", "{738FC15B-8CA7-3404-942D-61339AD40791}"
	ProjectSection(ProjectDependencies) = postProject
		{4EB2C152-2CAF-3444-BCDD-D01F645313B9} = {4EB2C152-2CAF-3444-BCDD-D01F645313B9}
		{D3695768-15F3-302D-BAE7-60D2494BCDFB} = {D3695768-15F3-302D-BAE7-60D2494BCDFB}
		{ECCF5D0F-D8A1-34AB-A022-02854D7A3404} = {ECCF5D0F-D8A1-34AB-A022-02854D7A3404}
		{CF510824-1DF2-3362-8599-D0EFE09AD18A} = {CF510824-1DF2-3362-8599-D0EFE09AD18A}
		{E60F8882-2517-30BF-9F36-B2890E02D466} = {E60F8882-2517-30BF-9F36-B2890E02D466}
		{CD469005-BAA0-3D51-AB35-4C55F10019FB} = {CD469005-BAA0-3D51-AB35-4C55F10019FB}
		{9C1DB4B9-8922-32F3-99F2-C7F632D28DD9} = {9C1DB4B9-8922-32F3-99F2-C7F632D28DD9}
		{68544568-55A3-3754-8DBF-EAFF8E3BF6EB} = {68544568-55A3-3754-8DBF-EAFF8E3BF6EB}
	EndProjectSection
EndProject
Project("{8BC9CEB8-8B4A-11D0-8D11-00A0C91BC942}") = "intest1", "SimIO\In\intest1.vcxproj", "{39F809D5-0474-3D01-BFF4-C78068E1D01D}"
	ProjectSection(ProjectDependencies) = postProject
		{4EB2C152-2CAF-3444-BCDD-D01F645313B9} = {4EB2C152-2CAF-3444-BCDD-D01F645313B9}
		{D3695768-15F3-302D-BAE7-60D2494BCDFB} = {D3695768-15F3-302D-BAE7-60D2494BCDFB}
		{ECCF5D0F-D8A1-34AB-A022-02854D7A3404} = {ECCF5D0F-D8A1-34AB-A022-02854D7A3404}
		{68544568-55A3-3754-8DBF-EAFF8E3BF6EB} = {68544568-55A3-3754-8DBF-EAFF8E3BF6EB}
	EndProjectSection
EndProject
Project("{8BC9CEB8-8B4A-11D0-8D11-00A0C91BC942}") = "intest2", "SimIO\In\intest2.vcxproj", "{2933844F-497B-3215-B7AE-E7F4FA8E9BDE}"
	ProjectSection(ProjectDependencies) = postProject
		{4EB2C152-2CAF-3444-BCDD-D01F645313B9} = {4EB2C152-2CAF-3444-BCDD-D01F645313B9}
		{D3695768-15F3-302D-BAE7-60D2494BCDFB} = {D3695768-15F3-302D-BAE7-60D2494BCDFB}
		{ECCF5D0F-D8A1-34AB-A022-02854D7A3404} = {ECCF5D0F-D8A1-34AB-A022-02854D7A3404}
		{68544568-55A3-3754-8DBF-EAFF8E3BF6EB} = {68544568-55A3-3754-8DBF-EAFF8E3BF6EB}
	EndProjectSection
EndProject
Project("{8BC9CEB8-8B4A-11D0-8D11-00A0C91BC942}") = "mcntest", "SurfUtil\mcntest.vcxproj", "{507C0C51-23AF-30D8-9AAD-A33FFB4945A5}"
	ProjectSection(ProjectDependencies) = postProject
		{4EB2C152-2CAF-3444-BCDD-D01F645313B9} = {4EB2C152-2CAF-3444-BCDD-D01F645313B9}
		{D3695768-15F3-302D-BAE7-60D2494BCDFB} = {D3695768-15F3-302D-BAE7-60D2494BCDFB}
		{ECCF5D0F-D8A1-34AB-A022-02854D7A3404} = {ECCF5D0F-D8A1-34AB-A022-02854D7A3404}
		{CF510824-1DF2-3362-8599-D0EFE09AD18A} = {CF510824-1DF2-3362-8599-D0EFE09AD18A}
		{E60F8882-2517-30BF-9F36-B2890E02D466} = {E60F8882-2517-30BF-9F36-B2890E02D466}
		{CD469005-BAA0-3D51-AB35-4C55F10019FB} = {CD469005-BAA0-3D51-AB35-4C55F10019FB}
		{9C1DB4B9-8922-32F3-99F2-C7F632D28DD9} = {9C1DB4B9-8922-32F3-99F2-C7F632D28DD9}
		{68544568-55A3-3754-8DBF-EAFF8E3BF6EB} = {68544568-55A3-3754-8DBF-EAFF8E3BF6EB}
	EndProjectSection
EndProject
Project("{8BC9CEB8-8B4A-11D0-8D11-00A0C91BC942}") = "msh2hdf", "SurfUtil\msh2hdf.vcxproj", "{2F070647-3AD2-3CA2-9B1B-D77A0247085B}"
	ProjectSection(ProjectDependencies) = postProject
		{4EB2C152-2CAF-3444-BCDD-D01F645313B9} = {4EB2C152-2CAF-3444-BCDD-D01F645313B9}
		{D3695768-15F3-302D-BAE7-60D2494BCDFB} = {D3695768-15F3-302D-BAE7-60D2494BCDFB}
		{ECCF5D0F-D8A1-34AB-A022-02854D7A3404} = {ECCF5D0F-D8A1-34AB-A022-02854D7A3404}
		{CF510824-1DF2-3362-8599-D0EFE09AD18A} = {CF510824-1DF2-3362-8599-D0EFE09AD18A}
		{E60F8882-2517-30BF-9F36-B2890E02D466} = {E60F8882-2517-30BF-9F36-B2890E02D466}
		{CD469005-BAA0-3D51-AB35-4C55F10019FB} = {CD469005-BAA0-3D51-AB35-4C55F10019FB}
		{9C1DB4B9-8922-32F3-99F2-C7F632D28DD9} = {9C1DB4B9-8922-32F3-99F2-C7F632D28DD9}
		{68544568-55A3-3754-8DBF-EAFF8E3BF6EB} = {68544568-55A3-3754-8DBF-EAFF8E3BF6EB}
	EndProjectSection
EndProject
Project("{8BC9CEB8-8B4A-11D0-8D11-00A0C91BC942}") = "neu2hdf", "SurfUtil\neu2hdf.vcxproj", "{09CC8E05-DD14-35A5-B8D0-89B46F17C857}"
	ProjectSection(ProjectDependencies) = postProject
		{4EB2C152-2CAF-3444-BCDD-D01F645313B9} = {4EB2C152-2CAF-3444-BCDD-D01F645313B9}
		{D3695768-15F3-302D-BAE7-60D2494BCDFB} = {D3695768-15F3-302D-BAE7-60D2494BCDFB}
		{ECCF5D0F-D8A1-34AB-A022-02854D7A3404} = {ECCF5D0F-D8A1-34AB-A022-02854D7A3404}
		{CF510824-1DF2-3362-8599-D0EFE09AD18A} = {CF510824-1DF2-3362-8599-D0EFE09AD18A}
		{E60F8882-2517-30BF-9F36-B2890E02D466} = {E60F8882-2517-30BF-9F36-B2890E02D466}
		{CD469005-BAA0-3D51-AB35-4C55F10019FB} = {CD469005-BAA0-3D51-AB35-4C55F10019FB}
		{9C1DB4B9-8922-32F3-99F2-C7F632D28DD9} = {9C1DB4B9-8922-32F3-99F2-C7F632D28DD9}
		{68544568-55A3-3754-8DBF-EAFF8E3BF6EB} = {68544568-55A3-3754-8DBF-EAFF8E3BF6EB}
	EndProjectSection
EndProject
Project("{8BC9CEB8-8B4A-11D0-8D11-00A0C91BC942}") = "obj2hdf", "SurfUtil\obj2hdf.vcxproj", "{C3B45A13-E345-3BEE-9183-68ED42ADEE53}"
	ProjectSection(ProjectDependencies) = postProject
		{4EB2C152-2CAF-3444-BCDD-D01F645313B9} = {4EB2C152-2CAF-3444-BCDD-D01F645313B9}
		{D3695768-15F3-302D-BAE7-60D2494BCDFB} = {D3695768-15F3-302D-BAE7-60D2494BCDFB}
		{ECCF5D0F-D8A1-34AB-A022-02854D7A3404} = {ECCF5D0F-D8A1-34AB-A022-02854D7A3404}
		{CF510824-1DF2-3362-8599-D0EFE09AD18A} = {CF510824-1DF2-3362-8599-D0EFE09AD18A}
		{E60F8882-2517-30BF-9F36-B2890E02D466} = {E60F8882-2517-30BF-9F36-B2890E02D466}
		{CD469005-BAA0-3D51-AB35-4C55F10019FB} = {CD469005-BAA0-3D51-AB35-4C55F10019FB}
		{9C1DB4B9-8922-32F3-99F2-C7F632D28DD9} = {9C1DB4B9-8922-32F3-99F2-C7F632D28DD9}
		{68544568-55A3-3754-8DBF-EAFF8E3BF6EB} = {68544568-55A3-3754-8DBF-EAFF8E3BF6EB}
	EndProjectSection
EndProject
Project("{8BC9CEB8-8B4A-11D0-8D11-00A0C91BC942}") = "outtest", "SimIO\Out\outtest.vcxproj", "{5F9355FA-BD4D-3AE5-97B4-C9CD7C9483AE}"
	ProjectSection(ProjectDependencies) = postProject
		{4EB2C152-2CAF-3444-BCDD-D01F645313B9} = {4EB2C152-2CAF-3444-BCDD-D01F645313B9}
		{D3695768-15F3-302D-BAE7-60D2494BCDFB} = {D3695768-15F3-302D-BAE7-60D2494BCDFB}
		{ECCF5D0F-D8A1-34AB-A022-02854D7A3404} = {ECCF5D0F-D8A1-34AB-A022-02854D7A3404}
		{CF510824-1DF2-3362-8599-D0EFE09AD18A} = {CF510824-1DF2-3362-8599-D0EFE09AD18A}
		{68544568-55A3-3754-8DBF-EAFF8E3BF6EB} = {68544568-55A3-3754-8DBF-EAFF8E3BF6EB}
	EndProjectSection
EndProject
Project("{8BC9CEB8-8B4A-11D0-8D11-00A0C91BC942}") = "param_test", "SimIO\In\param_test.vcxproj", "{AC660957-894A-3C35-8E1F-5F7E1EFC9175}"
	ProjectSection(ProjectDependencies) = postProject
		{4EB2C152-2CAF-3444-BCDD-D01F645313B9} = {4EB2C152-2CAF-3444-BCDD-D01F645313B9}
		{D3695768-15F3-302D-BAE7-60D2494BCDFB} = {D3695768-15F3-302D-BAE7-60D2494BCDFB}
		{ECCF5D0F-D8A1-34AB-A022-02854D7A3404} = {ECCF5D0F-D8A1-34AB-A022-02854D7A3404}
		{68544568-55A3-3754-8DBF-EAFF8E3BF6EB} = {68544568-55A3-3754-8DBF-EAFF8E3BF6EB}
	EndProjectSection
EndProject
Project("{8BC9CEB8-8B4A-11D0-8D11-00A0C91BC942}") = "pcommpartest", "SurfMap\pcommpartest.vcxproj", "{B33D8591-BDF8-39D3-B07A-C86DF05245F1}"
	ProjectSection(ProjectDependencies) = postProject
		{4EB2C152-2CAF-3444-BCDD-D01F645313B9} = {4EB2C152-2CAF-3444-BCDD-D01F645313B9}
		{D3695768-15F3-302D-BAE7-60D2494BCDFB} = {D3695768-15F3-302D-BAE7-60D2494BCDFB}
		{ECCF5D0F-D8A1-34AB-A022-02854D7A3404} = {ECCF5D0F-D8A1-34AB-A022-02854D7A3404}
		{CF510824-1DF2-3362-8599-D0EFE09AD18A} = {CF510824-1DF2-3362-8599-D0EFE09AD18A}
		{CD469005-BAA0-3D51-AB35-4C55F10019FB} = {CD469005-BAA0-3D51-AB35-4C55F10019FB}
		{68544568-55A3-3754-8DBF-EAFF8E3BF6EB} = {68544568-55A3-3754-8DBF-EAFF8E3BF6EB}
	EndProjectSection
EndProject
Project("{8BC9CEB8-8B4A-11D0-8D11-00A0C91BC942}") = "pcommtest", "SurfMap\pcommtest.vcxproj", "{06656CC6-1C89-34B3-A901-40F8DD68F827}"
	ProjectSection(ProjectDependencies) = postProject
		{4EB2C152-2CAF-3444-BCDD-D01F645313B9} = {4EB2C152-2CAF-3444-BCDD-D01F645313B9}
		{D3695768-15F3-302D-BAE7-60D2494BCDFB} = {D3695768-15F3-302D-BAE7-60D2494BCDFB}
		{ECCF5D0F-D8A1-34AB-A022-02854D7A3404} = {ECCF5D0F-D8A1-34AB-A022-02854D7A3404}
		{CF510824-1DF2-3362-8599-D0EFE09AD18A} = {CF510824-1DF2-3362-8599-D0EFE09AD18A}
		{CD469005-BAA0-3D51-AB35-4C55F10019FB} = {CD469005-BAA0-3D51-AB35-4C55F10019FB}
		{68544568-55A3-3754-8DBF-EAFF8E3BF6EB} = {68544568-55A3-3754-8DBF-EAFF8E3BF6EB}
	EndProjectSection
EndProject
Project("{8BC9CEB8-8B4A-11D0-8D11-00A0C91BC942}") = "pconntest", "SurfMap\pconntest.vcxproj", "{4E53F6C8-DB3B-3D8D-A713-8DD78ACBAD88}"
	ProjectSection(ProjectDependencies) = postProject
		{4EB2C152-2CAF-3444-BCDD-D01F645313B9} = {4EB2C152-2CAF-3444-BCDD-D01F645313B9}
		{D3695768-15F3-302D-BAE7-60D2494BCDFB} = {D3695768-15F3-302D-BAE7-60D2494BCDFB}
		{ECCF5D0F-D8A1-34AB-A022-02854D7A3404} = {ECCF5D0F-D8A1-34AB-A022-02854D7A3404}
		{CF510824-1DF2-3362-8599-D0EFE09AD18A} = {CF510824-1DF2-3362-8599-D0EFE09AD18A}
		{CD469005-BAA0-3D51-AB35-4C55F10019FB} = {CD469005-BAA0-3D51-AB35-4C55F10019FB}
		{68544568-55A3-3754-8DBF-EAFF8E3BF6EB} = {68544568-55A3-3754-8DBF-EAFF8E3BF6EB}
	EndProjectSection
EndProject
Project("{8BC9CEB8-8B4A-11D0-8D11-00A0C91BC942}") = "plagprep", "SimIO\In\plagprep.vcxproj", "{AF4DC732-C446-3704-AA06-9E976BFA1B34}"
	ProjectSection(ProjectDependencies) = postProject
		{4EB2C152-2CAF-3444-BCDD-D01F645313B9} = {4EB2C152-2CAF-3444-BCDD-D01F645313B9}
		{D3695768-15F3-302D-BAE7-60D2494BCDFB} = {D3695768-15F3-302D-BAE7-60D2494BCDFB}
		{ECCF5D0F-D8A1-34AB-A022-02854D7A3404} = {ECCF5D0F-D8A1-34AB-A022-02854D7A3404}
		{68544568-55A3-3754-8DBF-EAFF8E3BF6EB} = {68544568-55A3-3754-8DBF-EAFF8E3BF6EB}
	EndProjectSection
EndProject
Project("{8BC9CEB8-8B4A-11D0-8D11-00A0C91BC942}") = "plot3d", "SurfX\plot3d.vcxproj", "{5740F04A-33D7-3185-A6AE-6C6A82431BA0}"
	ProjectSection(ProjectDependencies) = postProject
		{4EB2C152-2CAF-3444-BCDD-D01F645313B9} = {4EB2C152-2CAF-3444-BCDD-D01F645313B9}
		{D3695768-15F3-302D-BAE7-60D2494BCDFB} = {D3695768-15F3-302D-BAE7-60D2494BCDFB}
		{ECCF5D0F-D8A1-34AB-A022-02854D7A3404} = {ECCF5D0F-D8A1-34AB-A022-02854D7A3404}
		{CF510824-1DF2-3362-8599-D0EFE09AD18A} = {CF510824-1DF2-3362-8599-D0EFE09AD18A}
		{E60F8882-2517-30BF-9F36-B2890E02D466} = {E60F8882-2517-30BF-9F36-B2890E02D466}
		{CD469005-BAA0-3D51-AB35-4C55F10019FB} = {CD469005-BAA0-3D51-AB35-4C55F10019FB}
		{9C1DB4B9-8922-32F3-99F2-C7F632D28DD9} = {9C1DB4B9-8922-32F3-99F2-C7F632D28DD9}
		{05C0C57F-6835-3CD4-96CB-9D92915913FF} = {05C0C57F-6835-3CD4-96CB-9D92915913FF}
		{68544568-55A3-3754-8DBF-EAFF8E3BF6EB} = {68544568-55A3-3754-8DBF-EAFF8E3BF6EB}
	EndProjectSection
EndProject
Project("{8BC9CEB8-8B4A-11D0-8D11-00A0C91BC942}") = "printfeas", "SimIO\In\printfeas.vcxproj", "{49A2ABB3-7708-3CBD-99B0-609DB9F5403A}"
	ProjectSection(ProjectDependencies) = postProject
		{4EB2C152-2CAF-3444-BCDD-D01F645313B9} = {4EB2C152-2CAF-3444-BCDD-D01F645313B9}
		{D3695768-15F3-302D-BAE7-60D2494BCDFB} = {D3695768-15F3-302D-BAE7-60D2494BCDFB}
		{ECCF5D0F-D8A1-34AB-A022-02854D7A3404} = {ECCF5D0F-D8A1-34AB-A022-02854D7A3404}
		{68544568-55A3-3754-8DBF-EAFF8E3BF6EB} = {68544568-55A3-3754-8DBF-EAFF8E3BF6EB}
	EndProjectSection
EndProject
Project("{8BC9CEB8-8B4A-11D0-8D11-00A0C91BC942}") = "printin", "SimIO\In\printin.vcxproj", "{9EACD417-431D-3113-AA2A-BDAE0FF874A6}"
	ProjectSection(ProjectDependencies) = postProject
		{4EB2C152-2CAF-3444-BCDD-D01F645313B9} = {4EB2C152-2CAF-3444-BCDD-D01F645313B9}
		{D3695768-15F3-302D-BAE7-60D2494BCDFB} = {D3695768-15F3-302D-BAE7-60D2494BCDFB}
		{ECCF5D0F-D8A1-34AB-A022-02854D7A3404} = {ECCF5D0F-D8A1-34AB-A022-02854D7A3404}
		{68544568-55A3-3754-8DBF-EAFF8E3BF6EB} = {68544568-55A3-3754-8DBF-EAFF8E3BF6EB}
	EndProjectSection
EndProject
Project("{8BC9CEB8-8B4A-11D0-8D11-00A0C91BC942}") = "readsdv", "SurfX\readsdv.vcxproj", "{55112518-87E6-3101-8CF5-FACA330289E4}"
	ProjectSection(ProjectDependencies) = postProject
		{4EB2C152-2CAF-3444-BCDD-D01F645313B9} = {4EB2C152-2CAF-3444-BCDD-D01F645313B9}
		{D3695768-15F3-302D-BAE7-60D2494BCDFB} = {D3695768-15F3-302D-BAE7-60D2494BCDFB}
		{ECCF5D0F-D8A1-34AB-A022-02854D7A3404} = {ECCF5D0F-D8A1-34AB-A022-02854D7A3404}
		{CF510824-1DF2-3362-8599-D0EFE09AD18A} = {CF510824-1DF2-3362-8599-D0EFE09AD18A}
		{E60F8882-2517-30BF-9F36-B2890E02D466} = {E60F8882-2517-30BF-9F36-B2890E02D466}
		{CD469005-BAA0-3D51-AB35-4C55F10019FB} = {CD469005-BAA0-3D51-AB35-4C55F10019FB}
		{9C1DB4B9-8922-32F3-99F2-C7F632D28DD9} = {9C1DB4B9-8922-32F3-99F2-C7F632D28DD9}
		{05C0C57F-6835-3CD4-96CB-9D92915913FF} = {05C0C57F-6835-3CD4-96CB-9D92915913FF}
		{68544568-55A3-3754-8DBF-EAFF8E3BF6EB} = {68544568-55A3-3754-8DBF-EAFF8E3BF6EB}
	EndProjectSection
EndProject
Project("{8BC9CEB8-8B4A-11D0-8D11-00A0C91BC942}") = "reptrans", "SurfX\reptrans.vcxproj", "{7106755C-6F93-30BA-8C8F-6A4A992C2A95}"
	ProjectSection(ProjectDependencies) = postProject
		{4EB2C152-2CAF-3444-BCDD-D01F645313B9} = {4EB2C152-2CAF-3444-BCDD-D01F645313B9}
		{D3695768-15F3-302D-BAE7-60D2494BCDFB} = {D3695768-15F3-302D-BAE7-60D2494BCDFB}
		{ECCF5D0F-D8A1-34AB-A022-02854D7A3404} = {ECCF5D0F-D8A1-34AB-A022-02854D7A3404}
		{CF510824-1DF2-3362-8599-D0EFE09AD18A} = {CF510824-1DF2-3362-8599-D0EFE09AD18A}
		{E60F8882-2517-30BF-9F36-B2890E02D466} = {E60F8882-2517-30BF-9F36-B2890E02D466}
		{CD469005-BAA0-3D51-AB35-4C55F10019FB} = {CD469005-BAA0-3D51-AB35-4C55F10019FB}
		{9C1DB4B9-8922-32F3-99F2-C7F632D28DD9} = {9C1DB4B9-8922-32F3-99F2-C7F632D28DD9}
		{05C0C57F-6835-3CD4-96CB-9D92915913FF} = {05C0C57F-6835-3CD4-96CB-9D92915913FF}
		{68544568-55A3-3754-8DBF-EAFF8E3BF6EB} = {68544568-55A3-3754-8DBF-EAFF8E3BF6EB}
	EndProjectSection
EndProject
Project("{8BC9CEB8-8B4A-11D0-8D11-00A0C91BC942}") = "rfctest", "SurfX\rfctest.vcxproj", "{13B286F7-B66E-3E9C-9A21-3F64AB9D95F1}"
	ProjectSection(ProjectDependencies) = postProject
		{4EB2C152-2CAF-3444-BCDD-D01F645313B9} = {4EB2C152-2CAF-3444-BCDD-D01F645313B9}
		{D3695768-15F3-302D-BAE7-60D2494BCDFB} = {D3695768-15F3-302D-BAE7-60D2494BCDFB}
		{ECCF5D0F-D8A1-34AB-A022-02854D7A3404} = {ECCF5D0F-D8A1-34AB-A022-02854D7A3404}
		{CF510824-1DF2-3362-8599-D0EFE09AD18A} = {CF510824-1DF2-3362-8599-D0EFE09AD18A}
		{E60F8882-2517-30BF-9F36-B2890E02D466} = {E60F8882-2517-30BF-9F36-B2890E02D466}
		{CD469005-BAA0-3D51-AB35-4C55F10019FB} = {CD469005-BAA0-3D51-AB35-4C55F10019FB}
		{9C1DB4B9-8922-32F3-99F2-C7F632D28DD9} = {9C1DB4B9-8922-32F3-99F2-C7F632D28DD9}
		{05C0C57F-6835-3CD4-96CB-9D92915913FF} = {05C0C57F-6835-3CD4-96CB-9D92915913FF}
		{68544568-55A3-3754-8DBF-EAFF8E3BF6EB} = {68544568-55A3-3754-8DBF-EAFF8E3BF6EB}
	EndProjectSection
EndProject
Project("{8BC9CEB8-8B4A-11D0-8D11-00A0C91BC942}") = "sepin", "SimIO\In\sepin.vcxproj", "{ED2C7ACF-280D-3CD1-96D2-A703BCE9B6F1}"
	ProjectSection(ProjectDependencies) = postProject
		{4EB2C152-2CAF-3444-BCDD-D01F645313B9} = {4EB2C152-2CAF-3444-BCDD-D01F645313B9}
		{D3695768-15F3-302D-BAE7-60D2494BCDFB} = {D3695768-15F3-302D-BAE7-60D2494BCDFB}
		{ECCF5D0F-D8A1-34AB-A022-02854D7A3404} = {ECCF5D0F-D8A1-34AB-A022-02854D7A3404}
		{68544568-55A3-3754-8DBF-EAFF8E3BF6EB} = {68544568-55A3-3754-8DBF-EAFF8E3BF6EB}
	EndProjectSection
EndProject
Project("{8BC9CEB8-8B4A-11D0-8D11-00A0C91BC942}") = "serialize", "SurfUtil\serialize.vcxproj", "{8D1230E9-8F86-33DB-A14E-16D7A8E7C187}"
	ProjectSection(ProjectDependencies) = postProject
		{4EB2C152-2CAF-3444-BCDD-D01F645313B9} = {4EB2C152-2CAF-3444-BCDD-D01F645313B9}
		{D3695768-15F3-302D-BAE7-60D2494BCDFB} = {D3695768-15F3-302D-BAE7-60D2494BCDFB}
		{ECCF5D0F-D8A1-34AB-A022-02854D7A3404} = {ECCF5D0F-D8A1-34AB-A022-02854D7A3404}
		{CF510824-1DF2-3362-8599-D0EFE09AD18A} = {CF510824-1DF2-3362-8599-D0EFE09AD18A}
		{E60F8882-2517-30BF-9F36-B2890E02D466} = {E60F8882-2517-30BF-9F36-B2890E02D466}
		{CD469005-BAA0-3D51-AB35-4C55F10019FB} = {CD469005-BAA0-3D51-AB35-4C55F10019FB}
		{9C1DB4B9-8922-32F3-99F2-C7F632D28DD9} = {9C1DB4B9-8922-32F3-99F2-C7F632D28DD9}
		{68544568-55A3-3754-8DBF-EAFF8E3BF6EB} = {68544568-55A3-3754-8DBF-EAFF8E3BF6EB}
	EndProjectSection
EndProject
Project("{8BC9CEB8-8B4A-11D0-8D11-00A0C91BC942}") = "smf2hdf", "SurfUtil\smf2hdf.vcxproj", "{D7927217-9AD6-3265-A2E3-1CE45CD23F2E}"
	ProjectSection(ProjectDependencies) = postProject
		{4EB2C152-2CAF-3444-BCDD-D01F645313B9} = {4EB2C152-2CAF-3444-BCDD-D01F645313B9}
		{D3695768-15F3-302D-BAE7-60D2494BCDFB} = {D3695768-15F3-302D-BAE7-60D2494BCDFB}
		{ECCF5D0F-D8A1-34AB-A022-02854D7A3404} = {ECCF5D0F-D8A1-34AB-A022-02854D7A3404}
		{CF510824-1DF2-3362-8599-D0EFE09AD18A} = {CF510824-1DF2-3362-8599-D0EFE09AD18A}
		{E60F8882-2517-30BF-9F36-B2890E02D466} = {E60F8882-2517-30BF-9F36-B2890E02D466}
		{CD469005-BAA0-3D51-AB35-4C55F10019FB} = {CD469005-BAA0-3D51-AB35-4C55F10019FB}
		{9C1DB4B9-8922-32F3-99F2-C7F632D28DD9} = {9C1DB4B9-8922-32F3-99F2-C7F632D28DD9}
		{68544568-55A3-3754-8DBF-EAFF8E3BF6EB} = {68544568-55A3-3754-8DBF-EAFF8E3BF6EB}
	EndProjectSection
EndProject
Project("{8BC9CEB8-8B4A-11D0-8D11-00A0C91BC942}") = "surfdiver", "SurfX\surfdiver.vcxproj", "{0408A52F-B668-3F0F-9CB1-C8357E651C91}"
	ProjectSection(ProjectDependencies) = postProject
		{4EB2C152-2CAF-3444-BCDD-D01F645313B9} = {4EB2C152-2CAF-3444-BCDD-D01F645313B9}
		{D3695768-15F3-302D-BAE7-60D2494BCDFB} = {D3695768-15F3-302D-BAE7-60D2494BCDFB}
		{ECCF5D0F-D8A1-34AB-A022-02854D7A3404} = {ECCF5D0F-D8A1-34AB-A022-02854D7A3404}
		{CF510824-1DF2-3362-8599-D0EFE09AD18A} = {CF510824-1DF2-3362-8599-D0EFE09AD18A}
		{E60F8882-2517-30BF-9F36-B2890E02D466} = {E60F8882-2517-30BF-9F36-B2890E02D466}
		{CD469005-BAA0-3D51-AB35-4C55F10019FB} = {CD469005-BAA0-3D51-AB35-4C55F10019FB}
		{9C1DB4B9-8922-32F3-99F2-C7F632D28DD9} = {9C1DB4B9-8922-32F3-99F2-C7F632D28DD9}
		{05C0C57F-6835-3CD4-96CB-9D92915913FF} = {05C0C57F-6835-3CD4-96CB-9D92915913FF}
		{68544568-55A3-3754-8DBF-EAFF8E3BF6EB} = {68544568-55A3-3754-8DBF-EAFF8E3BF6EB}
	EndProjectSection
EndProject
Project("{8BC9CEB8-8B4A-11D0-8D11-00A0C91BC942}") = "surfextractor", "SurfX\surfextractor.vcxproj", "{E24B2509-52FB-3C73-9493-C0F898E3F163}"
	ProjectSection(ProjectDependencies) = postProject
		{4EB2C152-2CAF-3444-BCDD-D01F645313B9} = {4EB2C152-2CAF-3444-BCDD-D01F645313B9}
		{D3695768-15F3-302D-BAE7-60D2494BCDFB} = {D3695768-15F3-302D-BAE7-60D2494BCDFB}
		{ECCF5D0F-D8A1-34AB-A022-02854D7A3404} = {ECCF5D0F-D8A1-34AB-A022-02854D7A3404}
		{CF510824-1DF2-3362-8599-D0EFE09AD18A} = {CF510824-1DF2-3362-8599-D0EFE09AD18A}
		{E60F8882-2517-30BF-9F36-B2890E02D466} = {E60F8882-2517-30BF-9F36-B2890E02D466}
		{CD469005-BAA0-3D51-AB35-4C55F10019FB} = {CD469005-BAA0-3D51-AB35-4C55F10019FB}
		{9C1DB4B9-8922-32F3-99F2-C7F632D28DD9} = {9C1DB4B9-8922-32F3-99F2-C7F632D28DD9}
		{05C0C57F-6835-3CD4-96CB-9D92915913FF} = {05C0C57F-6835-3CD4-96CB-9D92915913FF}
		{68544568-55A3-3754-8DBF-EAFF8E3BF6EB} = {68544568-55A3-3754-8DBF-EAFF8E3BF6EB}
	EndProjectSection
EndProject
Project("{8BC9CEB8-8B4A-11D0-8D11-00A0C91BC942}") = "surfjumper", "SurfX\surfjumper.vcxproj", "{B24DFF99-F95D-3068-943A-15B40002EF90}"
	ProjectSection(ProjectDependencies) = postProject
		{4EB2C152-2CAF-3444-BCDD-D01F645313B9} = {4EB2C152-2CAF-3444-BCDD-D01F645313B9}
		{D3695768-15F3-302D-BAE7-60D2494BCDFB} = {D3695768-15F3-302D-BAE7-60D2494BCDFB}
		{ECCF5D0F-D8A1-34AB-A022-02854D7A3404} = {ECCF5D0F-D8A1-34AB-A022-02854D7A3404}
		{CF510824-1DF2-3362-8599-D0EFE09AD18A} = {CF510824-1DF2-3362-8599-D0EFE09AD18A}
		{E60F8882-2517-30BF-9F36-B2890E02D466} = {E60F8882-2517-30BF-9F36-B2890E02D466}
		{CD469005-BAA0-3D51-AB35-4C55F10019FB} = {CD469005-BAA0-3D51-AB35-4C55F10019FB}
		{9C1DB4B9-8922-32F3-99F2-C7F632D28DD9} = {9C1DB4B9-8922-32F3-99F2-C7F632D28DD9}
		{05C0C57F-6835-3CD4-96CB-9D92915913FF} = {05C0C57F-6835-3CD4-96CB-9D92915913FF}
		{68544568-55A3-3754-8DBF-EAFF8E3BF6EB} = {68544568-55A3-3754-8DBF-EAFF8E3BF6EB}
	EndProjectSection
EndProject
Project("{8BC9CEB8-8B4A-11D0-8D11-00A0C91BC942}") = "surfmap", "SurfUtil\surfmap.vcxproj", "{8B98A683-4FC6-3856-88DE-355D706B16E5}"
	ProjectSection(ProjectDependencies) = postProject
		{4EB2C152-2CAF-3444-BCDD-D01F645313B9} = {4EB2C152-2CAF-3444-BCDD-D01F645313B9}
		{D3695768-15F3-302D-BAE7-60D2494BCDFB} = {D3695768-15F3-302D-BAE7-60D2494BCDFB}
		{ECCF5D0F-D8A1-34AB-A022-02854D7A3404} = {ECCF5D0F-D8A1-34AB-A022-02854D7A3404}
		{CF510824-1DF2-3362-8599-D0EFE09AD18A} = {CF510824-1DF2-3362-8599-D0EFE09AD18A}
		{E60F8882-2517-30BF-9F36-B2890E02D466} = {E60F8882-2517-30BF-9F36-B2890E02D466}
		{CD469005-BAA0-3D51-AB35-4C55F10019FB} = {CD469005-BAA0-3D51-AB35-4C55F10019FB}
		{9C1DB4B9-8922-32F3-99F2-C7F632D28DD9} = {9C1DB4B9-8922-32F3-99F2-C7F632D28DD9}
		{68544568-55A3-3754-8DBF-EAFF8E3BF6EB} = {68544568-55A3-3754-8DBF-EAFF8E3BF6EB}
	EndProjectSection
EndProject
Project("{8BC9CEB8-8B4A-11D0-8D11-00A0C91BC942}") = "surftest1", "SurfUtil\surftest1.vcxproj", "{94E16365-3AA7-3D71-A26B-3EE2931AE86F}"
	ProjectSection(ProjectDependencies) = postProject
		{4EB2C152-2CAF-3444-BCDD-D01F645313B9} = {4EB2C152-2CAF-3444-BCDD-D01F645313B9}
		{D3695768-15F3-302D-BAE7-60D2494BCDFB} = {D3695768-15F3-302D-BAE7-60D2494BCDFB}
		{ECCF5D0F-D8A1-34AB-A022-02854D7A3404} = {ECCF5D0F-D8A1-34AB-A022-02854D7A3404}
		{CF510824-1DF2-3362-8599-D0EFE09AD18A} = {CF510824-1DF2-3362-8599-D0EFE09AD18A}
		{E60F8882-2517-30BF-9F36-B2890E02D466} = {E60F8882-2517-30BF-9F36-B2890E02D466}
		{CD469005-BAA0-3D51-AB35-4C55F10019FB} = {CD469005-BAA0-3D51-AB35-4C55F10019FB}
		{9C1DB4B9-8922-32F3-99F2-C7F632D28DD9} = {9C1DB4B9-8922-32F3-99F2-C7F632D28DD9}
		{68544568-55A3-3754-8DBF-EAFF8E3BF6EB} = {68544568-55A3-3754-8DBF-EAFF8E3BF6EB}
	EndProjectSection
EndProject
Project("{8BC9CEB8-8B4A-11D0-8D11-00A0C91BC942}") = "surftest2", "SurfUtil\surftest2.vcxproj", "{7633AC77-9554-3B86-9E8E-2AF12E65A82F}"
	ProjectSection(ProjectDependencies) = postProject
		{4EB2C152-2CAF-3444-BCDD-D01F645313B9} = {4EB2C152-2CAF-3444-BCDD-D01F645313B9}
		{D3695768-15F3-302D-BAE7-60D2494BCDFB} = {D3695768-15F3-302D-BAE7-60D2494BCDFB}
		{ECCF5D0F-D8A1-34AB-A022-02854D7A3404} = {ECCF5D0F-D8A1-34AB-A022-02854D7A3404}
		{CF510824-1DF2-3362-8599-D0EFE09AD18A} = {CF510824-1DF2-3362-8599-D0EFE09AD18A}
		{E60F8882-2517-30BF-9F36-B2890E02D466} = {E60F8882-2517-30BF-9F36-B2890E02D466}
		{CD469005-BAA0-3D51-AB35-4C55F10019FB} = {CD469005-BAA0-3D51-AB35-4C55F10019FB}
		{9C1DB4B9-8922-32F3-99F2-C7F632D28DD9} = {9C1DB4B9-8922-32F3-99F2-C7F632D28DD9}
		{68544568-55A3-3754-8DBF-EAFF8E3BF6EB} = {68544568-55A3-3754-8DBF-EAFF8E3BF6EB}
	EndProjectSection
EndProject
Project("{8BC9CEB8-8B4A-11D0-8D11-00A0C91BC942}") = "winstat", "SimIO\In\winstat.vcxproj", "{E090FF0A-979E-3E5A-818E-6E1BBB953CB7}"
	ProjectSection(ProjectDependencies) = postProject
		{4EB2C152-2CAF-3444-BCDD-D01F645313B9} = {4EB2C152-2CAF-3444-BCDD-D01F645313B9}
		{D3695768-15F3-302D-BAE7-60D2494BCDFB} = {D3695768-15F3-302D-BAE7-60D2494BCDFB}
		{ECCF5D0F-D8A1-34AB-A022-02854D7A3404} = {ECCF5D0F-D8A1-34AB-A022-02854D7A3404}
		{68544568-55A3-3754-8DBF-EAFF8E3BF6EB} = {68544568-55A3-3754-8DBF-EAFF8E3BF6EB}
	EndProjectSection
EndProject
Global
	GlobalSection(SolutionConfigurationPlatforms) = preSolution
		Debug|x64 = Debug|x64
		Release|x64 = Release|x64
		MinSizeRel|x64 = MinSizeRel|x64
		RelWithDebInfo|x64 = RelWithDebInfo|x64
	EndGlobalSection
	GlobalSection(ProjectConfigurationPlatforms) = postSolution
		{69BD526F-E389-3B72-9B2C-178ABF7D5CE0}.Debug|x64.ActiveCfg = Debug|x64
		{69BD526F-E389-3B72-9B2C-178ABF7D5CE0}.Debug|x64.Build.0 = Debug|x64
		{69BD526F-E389-3B72-9B2C-178ABF7D5CE0}.Release|x64.ActiveCfg = Release|x64
		{69BD526F-E389-3B72-9B2C-178ABF7D5CE0}.Release|x64.Build.0 = Release|x64
		{69BD526F-E389-3B72-9B2C-178ABF7D5CE0}.MinSizeRel|x64.ActiveCfg = MinSizeRel|x64
		{69BD526F-E389-3B72-9B2C-178ABF7D5CE0}.MinSizeRel|x64.Build.0 = MinSizeRel|x64
		{69BD526F-E389-3B72-9B2C-178ABF7D5CE0}.RelWithDebInfo|x64.ActiveCfg = RelWithDebInfo|x64
		{69BD526F-E389-3B72-9B2C-178ABF7D5CE0}.RelWithDebInfo|x64.Build.0 = RelWithDebInfo|x64
		{3C0404A8-070A-3F97-9EDA-69F80F80ACF6}.Debug|x64.ActiveCfg = Debug|x64
		{3C0404A8-070A-3F97-9EDA-69F80F80ACF6}.Release|x64.ActiveCfg = Release|x64
		{3C0404A8-070A-3F97-9EDA-69F80F80ACF6}.MinSizeRel|x64.ActiveCfg = MinSizeRel|x64
		{3C0404A8-070A-3F97-9EDA-69F80F80ACF6}.RelWithDebInfo|x64.ActiveCfg = RelWithDebInfo|x64
		{FB19FF02-1BBE-3AEE-BD02-7213D23808EB}.Debug|x64.ActiveCfg = Debug|x64
		{FB19FF02-1BBE-3AEE-BD02-7213D23808EB}.Release|x64.ActiveCfg = Release|x64
		{FB19FF02-1BBE-3AEE-BD02-7213D23808EB}.MinSizeRel|x64.ActiveCfg = MinSizeRel|x64
		{FB19FF02-1BBE-3AEE-BD02-7213D23808EB}.RelWithDebInfo|x64.ActiveCfg = RelWithDebInfo|x64
		{D8718C65-38EF-38A9-997A-0973A130AAD8}.Debug|x64.ActiveCfg = Debug|x64
		{D8718C65-38EF-38A9-997A-0973A130AAD8}.Release|x64.ActiveCfg = Release|x64
		{D8718C65-38EF-38A9-997A-0973A130AAD8}.MinSizeRel|x64.ActiveCfg = MinSizeRel|x64
		{D8718C65-38EF-38A9-997A-0973A130AAD8}.RelWithDebInfo|x64.ActiveCfg = RelWithDebInfo|x64
		{6B5EA11C-374F-3B79-ACA4-F3ADA4BB496D}.Debug|x64.ActiveCfg = Debug|x64
		{6B5EA11C-374F-3B79-ACA4-F3ADA4BB496D}.Release|x64.ActiveCfg = Release|x64
		{6B5EA11C-374F-3B79-ACA4-F3ADA4BB496D}.MinSizeRel|x64.ActiveCfg = MinSizeRel|x64
		{6B5EA11C-374F-3B79-ACA4-F3ADA4BB496D}.RelWithDebInfo|x64.ActiveCfg = RelWithDebInfo|x64
		{3A133480-3F8F-3567-BDE4-17668885E48C}.Debug|x64.ActiveCfg = Debug|x64
		{3A133480-3F8F-3567-BDE4-17668885E48C}.Release|x64.ActiveCfg = Release|x64
		{3A133480-3F8F-3567-BDE4-17668885E48C}.MinSizeRel|x64.ActiveCfg = MinSizeRel|x64
		{3A133480-3F8F-3567-BDE4-17668885E48C}.RelWithDebInfo|x64.ActiveCfg = RelWithDebInfo|x64
		{4EB2C152-2CAF-3444-BCDD-D01F645313B9}.Debug|x64.ActiveCfg = Debug|x64
		{4EB2C152-2CAF-3444-BCDD-D01F645313B9}.Debug|x64.Build.0 = Debug|x64
		{4EB2C152-2CAF-3444-BCDD-D01F645313B9}.Release|x64.ActiveCfg = Release|x64
		{4EB2C152-2CAF-3444-BCDD-D01F645313B9}.Release|x64.Build.0 = Release|x64
		{4EB2C152-2CAF-3444-BCDD-D01F645313B9}.MinSizeRel|x64.ActiveCfg = MinSizeRel|x64
		{4EB2C152-2CAF-3444-BCDD-D01F645313B9}.MinSizeRel|x64.Build.0 = MinSizeRel|x64
		{4EB2C152-2CAF-3444-BCDD-D01F645313B9}.RelWithDebInfo|x64.ActiveCfg = RelWithDebInfo|x64
		{4EB2C152-2CAF-3444-BCDD-D01F645313B9}.RelWithDebInfo|x64.Build.0 = RelWithDebInfo|x64
		{9616256E-60A4-3C9F-A789-5E4E82A91EA7}.Debug|x64.ActiveCfg = Debug|x64
		{9616256E-60A4-3C9F-A789-5E4E82A91EA7}.Release|x64.ActiveCfg = Release|x64
		{9616256E-60A4-3C9F-A789-5E4E82A91EA7}.MinSizeRel|x64.ActiveCfg = MinSizeRel|x64
		{9616256E-60A4-3C9F-A789-5E4E82A91EA7}.RelWithDebInfo|x64.ActiveCfg = RelWithDebInfo|x64
		{611100F5-8822-3519-A975-CE7D309FB066}.Debug|x64.ActiveCfg = Debug|x64
		{611100F5-8822-3519-A975-CE7D309FB066}.Debug|x64.Build.0 = Debug|x64
		{611100F5-8822-3519-A975-CE7D309FB066}.Release|x64.ActiveCfg = Release|x64
		{611100F5-8822-3519-A975-CE7D309FB066}.Release|x64.Build.0 = Release|x64
		{611100F5-8822-3519-A975-CE7D309FB066}.MinSizeRel|x64.ActiveCfg = MinSizeRel|x64
		{611100F5-8822-3519-A975-CE7D309FB066}.MinSizeRel|x64.Build.0 = MinSizeRel|x64
		{611100F5-8822-3519-A975-CE7D309FB066}.RelWithDebInfo|x64.ActiveCfg = RelWithDebInfo|x64
		{611100F5-8822-3519-A975-CE7D309FB066}.RelWithDebInfo|x64.Build.0 = RelWithDebInfo|x64
		{D3695768-15F3-302D-BAE7-60D2494BCDFB}.Debug|x64.ActiveCfg = Debug|x64
		{D3695768-15F3-302D-BAE7-60D2494BCDFB}.Debug|x64.Build.0 = Debug|x64
		{D3695768-15F3-302D-BAE7-60D2494BCDFB}.Release|x64.ActiveCfg = Release|x64
		{D3695768-15F3-302D-BAE7-60D2494BCDFB}.Release|x64.Build.0 = Release|x64
		{D3695768-15F3-302D-BAE7-60D2494BCDFB}.MinSizeRel|x64.ActiveCfg = MinSizeRel|x64
		{D3695768-15F3-302D-BAE7-60D2494BCDFB}.MinSizeRel|x64.Build.0 = MinSizeRel|x64
		{D3695768-15F3-302D-BAE7-60D2494BCDFB}.RelWithDebInfo|x64.ActiveCfg = RelWithDebInfo|x64
		{D3695768-15F3-302D-BAE7-60D2494BCDFB}.RelWithDebInfo|x64.Build.0 = RelWithDebInfo|x64
		{EF21FCB5-6F1D-334D-B36D-A3287889CF9B}.Debug|x64.ActiveCfg = Debug|x64
		{EF21FCB5-6F1D-334D-B36D-A3287889CF9B}.Debug|x64.Build.0 = Debug|x64
		{EF21FCB5-6F1D-334D-B36D-A3287889CF9B}.Release|x64.ActiveCfg = Release|x64
		{EF21FCB5-6F1D-334D-B36D-A3287889CF9B}.Release|x64.Build.0 = Release|x64
		{EF21FCB5-6F1D-334D-B36D-A3287889CF9B}.MinSizeRel|x64.ActiveCfg = MinSizeRel|x64
		{EF21FCB5-6F1D-334D-B36D-A3287889CF9B}.MinSizeRel|x64.Build.0 = MinSizeRel|x64
		{EF21FCB5-6F1D-334D-B36D-A3287889CF9B}.RelWithDebInfo|x64.ActiveCfg = RelWithDebInfo|x64
		{EF21FCB5-6F1D-334D-B36D-A3287889CF9B}.RelWithDebInfo|x64.Build.0 = RelWithDebInfo|x64
		{E220190E-75C8-3457-A16A-5E391953F263}.Debug|x64.ActiveCfg = Debug|x64
		{E220190E-75C8-3457-A16A-5E391953F263}.Debug|x64.Build.0 = Debug|x64
		{E220190E-75C8-3457-A16A-5E391953F263}.Release|x64.ActiveCfg = Release|x64
		{E220190E-75C8-3457-A16A-5E391953F263}.Release|x64.Build.0 = Release|x64
		{E220190E-75C8-3457-A16A-5E391953F263}.MinSizeRel|x64.ActiveCfg = MinSizeRel|x64
		{E220190E-75C8-3457-A16A-5E391953F263}.MinSizeRel|x64.Build.0 = MinSizeRel|x64
		{E220190E-75C8-3457-A16A-5E391953F263}.RelWithDebInfo|x64.ActiveCfg = RelWithDebInfo|x64
		{E220190E-75C8-3457-A16A-5E391953F263}.RelWithDebInfo|x64.Build.0 = RelWithDebInfo|x64
		{ECCF5D0F-D8A1-34AB-A022-02854D7A3404}.Debug|x64.ActiveCfg = Debug|x64
		{ECCF5D0F-D8A1-34AB-A022-02854D7A3404}.Debug|x64.Build.0 = Debug|x64
		{ECCF5D0F-D8A1-34AB-A022-02854D7A3404}.Release|x64.ActiveCfg = Release|x64
		{ECCF5D0F-D8A1-34AB-A022-02854D7A3404}.Release|x64.Build.0 = Release|x64
		{ECCF5D0F-D8A1-34AB-A022-02854D7A3404}.MinSizeRel|x64.ActiveCfg = MinSizeRel|x64
		{ECCF5D0F-D8A1-34AB-A022-02854D7A3404}.MinSizeRel|x64.Build.0 = MinSizeRel|x64
		{ECCF5D0F-D8A1-34AB-A022-02854D7A3404}.RelWithDebInfo|x64.ActiveCfg = RelWithDebInfo|x64
		{ECCF5D0F-D8A1-34AB-A022-02854D7A3404}.RelWithDebInfo|x64.Build.0 = RelWithDebInfo|x64
		{CF510824-1DF2-3362-8599-D0EFE09AD18A}.Debug|x64.ActiveCfg = Debug|x64
		{CF510824-1DF2-3362-8599-D0EFE09AD18A}.Debug|x64.Build.0 = Debug|x64
		{CF510824-1DF2-3362-8599-D0EFE09AD18A}.Release|x64.ActiveCfg = Release|x64
		{CF510824-1DF2-3362-8599-D0EFE09AD18A}.Release|x64.Build.0 = Release|x64
		{CF510824-1DF2-3362-8599-D0EFE09AD18A}.MinSizeRel|x64.ActiveCfg = MinSizeRel|x64
		{CF510824-1DF2-3362-8599-D0EFE09AD18A}.MinSizeRel|x64.Build.0 = MinSizeRel|x64
		{CF510824-1DF2-3362-8599-D0EFE09AD18A}.RelWithDebInfo|x64.ActiveCfg = RelWithDebInfo|x64
		{CF510824-1DF2-3362-8599-D0EFE09AD18A}.RelWithDebInfo|x64.Build.0 = RelWithDebInfo|x64
		{E60F8882-2517-30BF-9F36-B2890E02D466}.Debug|x64.ActiveCfg = Debug|x64
		{E60F8882-2517-30BF-9F36-B2890E02D466}.Debug|x64.Build.0 = Debug|x64
		{E60F8882-2517-30BF-9F36-B2890E02D466}.Release|x64.ActiveCfg = Release|x64
		{E60F8882-2517-30BF-9F36-B2890E02D466}.Release|x64.Build.0 = Release|x64
		{E60F8882-2517-30BF-9F36-B2890E02D466}.MinSizeRel|x64.ActiveCfg = MinSizeRel|x64
		{E60F8882-2517-30BF-9F36-B2890E02D466}.MinSizeRel|x64.Build.0 = MinSizeRel|x64
		{E60F8882-2517-30BF-9F36-B2890E02D466}.RelWithDebInfo|x64.ActiveCfg = RelWithDebInfo|x64
		{E60F8882-2517-30BF-9F36-B2890E02D466}.RelWithDebInfo|x64.Build.0 = RelWithDebInfo|x64
		{CD469005-BAA0-3D51-AB35-4C55F10019FB}.Debug|x64.ActiveCfg = Debug|x64
		{CD469005-BAA0-3D51-AB35-4C55F10019FB}.Debug|x64.Build.0 = Debug|x64
		{CD469005-BAA0-3D51-AB35-4C55F10019FB}.Release|x64.ActiveCfg = Release|x64
		{CD469005-BAA0-3D51-AB35-4C55F10019FB}.Release|x64.Build.0 = Release|x64
		{CD469005-BAA0-3D51-AB35-4C55F10019FB}.MinSizeRel|x64.ActiveCfg = MinSizeRel|x64
		{CD469005-BAA0-3D51-AB35-4C55F10019FB}.MinSizeRel|x64.Build.0 = MinSizeRel|x64
		{CD469005-BAA0-3D51-AB35-4C55F10019FB}.RelWithDebInfo|x64.ActiveCfg = RelWithDebInfo|x64
		{CD469005-BAA0-3D51-AB35-4C55F10019FB}.RelWithDebInfo|x64.Build.0 = RelWithDebInfo|x64
		{9C1DB4B9-8922-32F3-99F2-C7F632D28DD9}.Debug|x64.ActiveCfg = Debug|x64
		{9C1DB4B9-8922-32F3-99F2-C7F632D28DD9}.Debug|x64.Build.0 = Debug|x64
		{9C1DB4B9-8922-32F3-99F2-C7F632D28DD9}.Release|x64.ActiveCfg = Release|x64
		{9C1DB4B9-8922-32F3-99F2-C7F632D28DD9}.Release|x64.Build.0 = Release|x64
		{9C1DB4B9-8922-32F3-99F2-C7F632D28DD9}.MinSizeRel|x64.ActiveCfg = MinSizeRel|x64
		{9C1DB4B9-8922-32F3-99F2-C7F632D28DD9}.MinSizeRel|x64.Build.0 = MinSizeRel|x64
		{9C1DB4B9-8922-32F3-99F2-C7F632D28DD9}.RelWithDebInfo|x64.ActiveCfg = RelWithDebInfo|x64
		{9C1DB4B9-8922-32F3-99F2-C7F632D28DD9}.RelWithDebInfo|x64.Build.0 = RelWithDebInfo|x64
		{05C0C57F-6835-3CD4-96CB-9D92915913FF}.Debug|x64.ActiveCfg = Debug|x64
		{05C0C57F-6835-3CD4-96CB-9D92915913FF}.Debug|x64.Build.0 = Debug|x64
		{05C0C57F-6835-3CD4-96CB-9D92915913FF}.Release|x64.ActiveCfg = Release|x64
		{05C0C57F-6835-3CD4-96CB-9D92915913FF}.Release|x64.Build.0 = Release|x64
		{05C0C57F-6835-3CD4-96CB-9D92915913FF}.MinSizeRel|x64.ActiveCfg = MinSizeRel|x64
		{05C0C57F-6835-3CD4-96CB-9D92915913FF}.MinSizeRel|x64.Build.0 = MinSizeRel|x64
		{05C0C57F-6835-3CD4-96CB-9D92915913FF}.RelWithDebInfo|x64.ActiveCfg = RelWithDebInfo|x64
		{05C0C57F-6835-3CD4-96CB-9D92915913FF}.RelWithDebInfo|x64.Build.0 = RelWithDebInfo|x64
		{8BB8D8C4-FDC4-30DC-BFA4-C0ABBA87D126}.Debug|x64.ActiveCfg = Debug|x64
		{8BB8D8C4-FDC4-30DC-BFA4-C0ABBA87D126}.Debug|x64.Build.0 = Debug|x64
		{8BB8D8C4-FDC4-30DC-BFA4-C0ABBA87D126}.Release|x64.ActiveCfg = Release|x64
		{8BB8D8C4-FDC4-30DC-BFA4-C0ABBA87D126}.Release|x64.Build.0 = Release|x64
		{8BB8D8C4-FDC4-30DC-BFA4-C0ABBA87D126}.MinSizeRel|x64.ActiveCfg = MinSizeRel|x64
		{8BB8D8C4-FDC4-30DC-BFA4-C0ABBA87D126}.MinSizeRel|x64.Build.0 = MinSizeRel|x64
		{8BB8D8C4-FDC4-30DC-BFA4-C0ABBA87D126}.RelWithDebInfo|x64.ActiveCfg = RelWithDebInfo|x64
		{8BB8D8C4-FDC4-30DC-BFA4-C0ABBA87D126}.RelWithDebInfo|x64.Build.0 = RelWithDebInfo|x64
		{91638437-9A50-352C-8757-5C38E73A91A7}.Debug|x64.ActiveCfg = Debug|x64
		{91638437-9A50-352C-8757-5C38E73A91A7}.Debug|x64.Build.0 = Debug|x64
		{91638437-9A50-352C-8757-5C38E73A91A7}.Release|x64.ActiveCfg = Release|x64
		{91638437-9A50-352C-8757-5C38E73A91A7}.Release|x64.Build.0 = Release|x64
		{91638437-9A50-352C-8757-5C38E73A91A7}.MinSizeRel|x64.ActiveCfg = MinSizeRel|x64
		{91638437-9A50-352C-8757-5C38E73A91A7}.MinSizeRel|x64.Build.0 = MinSizeRel|x64
		{91638437-9A50-352C-8757-5C38E73A91A7}.RelWithDebInfo|x64.ActiveCfg = RelWithDebInfo|x64
		{91638437-9A50-352C-8757-5C38E73A91A7}.RelWithDebInfo|x64.Build.0 = RelWithDebInfo|x64
		{B73C6AF3-5B80-3E5E-A16C-3D775B721563}.Debug|x64.ActiveCfg = Debug|x64
		{B73C6AF3-5B80-3E5E-A16C-3D775B721563}.Debug|x64.Build.0 = Debug|x64
		{B73C6AF3-5B80-3E5E-A16C-3D775B721563}.Release|x64.ActiveCfg = Release|x64
		{B73C6AF3-5B80-3E5E-A16C-3D775B721563}.Release|x64.Build.0 = Release|x64
		{B73C6AF3-5B80-3E5E-A16C-3D775B721563}.MinSizeRel|x64.ActiveCfg = MinSizeRel|x64
		{B73C6AF3-5B80-3E5E-A16C-3D775B721563}.MinSizeRel|x64.Build.0 = MinSizeRel|x64
		{B73C6AF3-5B80-3E5E-A16C-3D775B721563}.RelWithDebInfo|x64.ActiveCfg = RelWithDebInfo|x64
		{B73C6AF3-5B80-3E5E-A16C-3D775B721563}.RelWithDebInfo|x64.Build.0 = RelWithDebInfo|x64
		{1496D1A0-7AAE-3A6E-BA98-09722903A646}.Debug|x64.ActiveCfg = Debug|x64
		{1496D1A0-7AAE-3A6E-BA98-09722903A646}.Debug|x64.Build.0 = Debug|x64
		{1496D1A0-7AAE-3A6E-BA98-09722903A646}.Release|x64.ActiveCfg = Release|x64
		{1496D1A0-7AAE-3A6E-BA98-09722903A646}.Release|x64.Build.0 = Release|x64
		{1496D1A0-7AAE-3A6E-BA98-09722903A646}.MinSizeRel|x64.ActiveCfg = MinSizeRel|x64
		{1496D1A0-7AAE-3A6E-BA98-09722903A646}.MinSizeRel|x64.Build.0 = MinSizeRel|x64
		{1496D1A0-7AAE-3A6E-BA98-09722903A646}.RelWithDebInfo|x64.ActiveCfg = RelWithDebInfo|x64
		{1496D1A0-7AAE-3A6E-BA98-09722903A646}.RelWithDebInfo|x64.Build.0 = RelWithDebInfo|x64
		{68544568-55A3-3754-8DBF-EAFF8E3BF6EB}.Debug|x64.ActiveCfg = Debug|x64
		{68544568-55A3-3754-8DBF-EAFF8E3BF6EB}.Debug|x64.Build.0 = Debug|x64
		{68544568-55A3-3754-8DBF-EAFF8E3BF6EB}.Release|x64.ActiveCfg = Release|x64
		{68544568-55A3-3754-8DBF-EAFF8E3BF6EB}.Release|x64.Build.0 = Release|x64
		{68544568-55A3-3754-8DBF-EAFF8E3BF6EB}.MinSizeRel|x64.ActiveCfg = MinSizeRel|x64
		{68544568-55A3-3754-8DBF-EAFF8E3BF6EB}.MinSizeRel|x64.Build.0 = MinSizeRel|x64
		{68544568-55A3-3754-8DBF-EAFF8E3BF6EB}.RelWithDebInfo|x64.ActiveCfg = RelWithDebInfo|x64
		{68544568-55A3-3754-8DBF-EAFF8E3BF6EB}.RelWithDebInfo|x64.Build.0 = RelWithDebInfo|x64
		{25D56A77-2F51-3774-855E-5C158FB53274}.Debug|x64.ActiveCfg = Debug|x64
		{25D56A77-2F51-3774-855E-5C158FB53274}.Debug|x64.Build.0 = Debug|x64
		{25D56A77-2F51-3774-855E-5C158FB53274}.Release|x64.ActiveCfg = Release|x64
		{25D56A77-2F51-3774-855E-5C158FB53274}.Release|x64.Build.0 = Release|x64
		{25D56A77-2F51-3774-855E-5C158FB53274}.MinSizeRel|x64.ActiveCfg = MinSizeRel|x64
		{25D56A77-2F51-3774-855E-5C158FB53274}.MinSizeRel|x64.Build.0 = MinSizeRel|x64
		{25D56A77-2F51-3774-855E-5C158FB53274}.RelWithDebInfo|x64.ActiveCfg = RelWithDebInfo|x64
		{25D56A77-2F51-3774-855E-5C158FB53274}.RelWithDebInfo|x64.Build.0 = RelWithDebInfo|x64
		{37A8C72A-A70A-3F32-A848-7C88EA85B1B7}.Debug|x64.ActiveCfg = Debug|x64
		{37A8C72A-A70A-3F32-A848-7C88EA85B1B7}.Debug|x64.Build.0 = Debug|x64
		{37A8C72A-A70A-3F32-A848-7C88EA85B1B7}.Release|x64.ActiveCfg = Release|x64
		{37A8C72A-A70A-3F32-A848-7C88EA85B1B7}.Release|x64.Build.0 = Release|x64
		{37A8C72A-A70A-3F32-A848-7C88EA85B1B7}.MinSizeRel|x64.ActiveCfg = MinSizeRel|x64
		{37A8C72A-A70A-3F32-A848-7C88EA85B1B7}.MinSizeRel|x64.Build.0 = MinSizeRel|x64
		{37A8C72A-A70A-3F32-A848-7C88EA85B1B7}.RelWithDebInfo|x64.ActiveCfg = RelWithDebInfo|x64
		{37A8C72A-A70A-3F32-A848-7C88EA85B1B7}.RelWithDebInfo|x64.Build.0 = RelWithDebInfo|x64
		{7A9C9D2A-E6B8-3B59-B773-99E546982957}.Debug|x64.ActiveCfg = Debug|x64
		{7A9C9D2A-E6B8-3B59-B773-99E546982957}.Debug|x64.Build.0 = Debug|x64
		{7A9C9D2A-E6B8-3B59-B773-99E546982957}.Release|x64.ActiveCfg = Release|x64
		{7A9C9D2A-E6B8-3B59-B773-99E546982957}.Release|x64.Build.0 = Release|x64
		{7A9C9D2A-E6B8-3B59-B773-99E546982957}.MinSizeRel|x64.ActiveCfg = MinSizeRel|x64
		{7A9C9D2A-E6B8-3B59-B773-99E546982957}.MinSizeRel|x64.Build.0 = MinSizeRel|x64
		{7A9C9D2A-E6B8-3B59-B773-99E546982957}.RelWithDebInfo|x64.ActiveCfg = RelWithDebInfo|x64
		{7A9C9D2A-E6B8-3B59-B773-99E546982957}.RelWithDebInfo|x64.Build.0 = RelWithDebInfo|x64
		{61983F29-70B4-3345-843E-D526438CF7DE}.Debug|x64.ActiveCfg = Debug|x64
		{61983F29-70B4-3345-843E-D526438CF7DE}.Debug|x64.Build.0 = Debug|x64
		{61983F29-70B4-3345-843E-D526438CF7DE}.Release|x64.ActiveCfg = Release|x64
		{61983F29-70B4-3345-843E-D526438CF7DE}.Release|x64.Build.0 = Release|x64
		{61983F29-70B4-3345-843E-D526438CF7DE}.MinSizeRel|x64.ActiveCfg = MinSizeRel|x64
		{61983F29-70B4-3345-843E-D526438CF7DE}.MinSizeRel|x64.Build.0 = MinSizeRel|x64
		{61983F29-70B4-3345-843E-D526438CF7DE}.RelWithDebInfo|x64.ActiveCfg = RelWithDebInfo|x64
		{61983F29-70B4-3345-843E-D526438CF7DE}.RelWithDebInfo|x64.Build.0 = RelWithDebInfo|x64
		{C1282230-67D7-3B7C-BFC4-5D3DF06153AA}.Debug|x64.ActiveCfg = Debug|x64
		{C1282230-67D7-3B7C-BFC4-5D3DF06153AA}.Debug|x64.Build.0 = Debug|x64
		{C1282230-67D7-3B7C-BFC4-5D3DF06153AA}.Release|x64.ActiveCfg = Release|x64
		{C1282230-67D7-3B7C-BFC4-5D3DF06153AA}.Release|x64.Build.0 = Release|x64
		{C1282230-67D7-3B7C-BFC4-5D3DF06153AA}.MinSizeRel|x64.ActiveCfg = MinSizeRel|x64
		{C1282230-67D7-3B7C-BFC4-5D3DF06153AA}.MinSizeRel|x64.Build.0 = MinSizeRel|x64
		{C1282230-67D7-3B7C-BFC4-5D3DF06153AA}.RelWithDebInfo|x64.ActiveCfg = RelWithDebInfo|x64
		{C1282230-67D7-3B7C-BFC4-5D3DF06153AA}.RelWithDebInfo|x64.Build.0 = RelWithDebInfo|x64
		{89A2F2D7-89EE-36F3-8CD2-DB4A91587823}.Debug|x64.ActiveCfg = Debug|x64
		{89A2F2D7-89EE-36F3-8CD2-DB4A91587823}.Debug|x64.Build.0 = Debug|x64
		{89A2F2D7-89EE-36F3-8CD2-DB4A91587823}.Release|x64.ActiveCfg = Release|x64
		{89A2F2D7-89EE-36F3-8CD2-DB4A91587823}.Release|x64.Build.0 = Release|x64
		{89A2F2D7-89EE-36F3-8CD2-DB4A91587823}.MinSizeRel|x64.ActiveCfg = MinSizeRel|x64
		{89A2F2D7-89EE-36F3-8CD2-DB4A91587823}.MinSizeRel|x64.Build.0 = MinSizeRel|x64
		{89A2F2D7-89EE-36F3-8CD2-DB4A91587823}.RelWithDebInfo|x64.ActiveCfg = RelWithDebInfo|x64
		{89A2F2D7-89EE-36F3-8CD2-DB4A91587823}.RelWithDebInfo|x64.Build.0 = RelWithDebInfo|x64
		{DA3E871C-599E-3CD9-ABCF-4ACBB30F6A89}.Debug|x64.ActiveCfg = Debug|x64
		{DA3E871C-599E-3CD9-ABCF-4ACBB30F6A89}.Debug|x64.Build.0 = Debug|x64
		{DA3E871C-599E-3CD9-ABCF-4ACBB30F6A89}.Release|x64.ActiveCfg = Release|x64
		{DA3E871C-599E-3CD9-ABCF-4ACBB30F6A89}.Release|x64.Build.0 = Release|x64
		{DA3E871C-599E-3CD9-ABCF-4ACBB30F6A89}.MinSizeRel|x64.ActiveCfg = MinSizeRel|x64
		{DA3E871C-599E-3CD9-ABCF-4ACBB30F6A89}.MinSizeRel|x64.Build.0 = MinSizeRel|x64
		{DA3E871C-599E-3CD9-ABCF-4ACBB30F6A89}.RelWithDebInfo|x64.ActiveCfg = RelWithDebInfo|x64
		{DA3E871C-599E-3CD9-ABCF-4ACBB30F6A89}.RelWithDebInfo|x64.Build.0 = RelWithDebInfo|x64
		{9867889A-C6D3-34C8-A8BF-6E5B269386D9}.Debug|x64.ActiveCfg = Debug|x64
		{9867889A-C6D3-34C8-A8BF-6E5B269386D9}.Debug|x64.Build.0 = Debug|x64
		{9867889A-C6D3-34C8-A8BF-6E5B269386D9}.Release|x64.ActiveCfg = Release|x64
		{9867889A-C6D3-34C8-A8BF-6E5B269386D9}.Release|x64.Build.0 = Release|x64
		{9867889A-C6D3-34C8-A8BF-6E5B269386D9}.MinSizeRel|x64.ActiveCfg = MinSizeRel|x64
		{9867889A-C6D3-34C8-A8BF-6E5B269386D9}.MinSizeRel|x64.Build.0 = MinSizeRel|x64
		{9867889A-C6D3-34C8-A8BF-6E5B269386D9}.RelWithDebInfo|x64.ActiveCfg = RelWithDebInfo|x64
		{9867889A-C6D3-34C8-A8BF-6E5B269386D9}.RelWithDebInfo|x64.Build.0 = RelWithDebInfo|x64
		{07681A23-4E19-319D-859A-A0B9CDFEA337}.Debug|x64.ActiveCfg = Debug|x64
		{07681A23-4E19-319D-859A-A0B9CDFEA337}.Debug|x64.Build.0 = Debug|x64
		{07681A23-4E19-319D-859A-A0B9CDFEA337}.Release|x64.ActiveCfg = Release|x64
		{07681A23-4E19-319D-859A-A0B9CDFEA337}.Release|x64.Build.0 = Release|x64
		{07681A23-4E19-319D-859A-A0B9CDFEA337}.MinSizeRel|x64.ActiveCfg = MinSizeRel|x64
		{07681A23-4E19-319D-859A-A0B9CDFEA337}.MinSizeRel|x64.Build.0 = MinSizeRel|x64
		{07681A23-4E19-319D-859A-A0B9CDFEA337}.RelWithDebInfo|x64.ActiveCfg = RelWithDebInfo|x64
		{07681A23-4E19-319D-859A-A0B9CDFEA337}.RelWithDebInfo|x64.Build.0 = RelWithDebInfo|x64
		{9DA28869-3520-3EBD-AC56-544F88BFC388}.Debug|x64.ActiveCfg = Debug|x64
		{9DA28869-3520-3EBD-AC56-544F88BFC388}.Debug|x64.Build.0 = Debug|x64
		{9DA28869-3520-3EBD-AC56-544F88BFC388}.Release|x64.ActiveCfg = Release|x64
		{9DA28869-3520-3EBD-AC56-544F88BFC388}.Release|x64.Build.0 = Release|x64
		{9DA28869-3520-3EBD-AC56-544F88BFC388}.MinSizeRel|x64.ActiveCfg = MinSizeRel|x64
		{9DA28869-3520-3EBD-AC56-544F88BFC388}.MinSizeRel|x64.Build.0 = MinSizeRel|x64
		{9DA28869-3520-3EBD-AC56-544F88BFC388}.RelWithDebInfo|x64.ActiveCfg = RelWithDebInfo|x64
		{9DA28869-3520-3EBD-AC56-544F88BFC388}.RelWithDebInfo|x64.Build.0 = RelWithDebInfo|x64
		{E148FB56-CAE4-3155-BC10-1E97E8599B45}.Debug|x64.ActiveCfg = Debug|x64
		{E148FB56-CAE4-3155-BC10-1E97E8599B45}.Debug|x64.Build.0 = Debug|x64
		{E148FB56-CAE4-3155-BC10-1E97E8599B45}.Release|x64.ActiveCfg = Release|x64
		{E148FB56-CAE4-3155-BC10-1E97E8599B45}.Release|x64.Build.0 = Release|x64
		{E148FB56-CAE4-3155-BC10-1E97E8599B45}.MinSizeRel|x64.ActiveCfg = MinSizeRel|x64
		{E148FB56-CAE4-3155-BC10-1E97E8599B45}.MinSizeRel|x64.Build.0 = MinSizeRel|x64
		{E148FB56-CAE4-3155-BC10-1E97E8599B45}.RelWithDebInfo|x64.ActiveCfg = RelWithDebInfo|x64
		{E148FB56-CAE4-3155-BC10-1E97E8599B45}.RelWithDebInfo|x64.Build.0 = RelWithDebInfo|x64
		{4BA7BE16-C4A3-3382-8D79-BE43A66E8702}.Debug|x64.ActiveCfg = Debug|x64
		{4BA7BE16-C4A3-3382-8D79-BE43A66E8702}.Debug|x64.Build.0 = Debug|x64
		{4BA7BE16-C4A3-3382-8D79-BE43A66E8702}.Release|x64.ActiveCfg = Release|x64
		{4BA7BE16-C4A3-3382-8D79-BE43A66E8702}.Release|x64.Build.0 = Release|x64
		{4BA7BE16-C4A3-3382-8D79-BE43A66E8702}.MinSizeRel|x64.ActiveCfg = MinSizeRel|x64
		{4BA7BE16-C4A3-3382-8D79-BE43A66E8702}.MinSizeRel|x64.Build.0 = MinSizeRel|x64
		{4BA7BE16-C4A3-3382-8D79-BE43A66E8702}.RelWithDebInfo|x64.ActiveCfg = RelWithDebInfo|x64
		{4BA7BE16-C4A3-3382-8D79-BE43A66E8702}.RelWithDebInfo|x64.Build.0 = RelWithDebInfo|x64
		{E35E4FFF-D215-3762-9E3E-B07DE8805455}.Debug|x64.ActiveCfg = Debug|x64
		{E35E4FFF-D215-3762-9E3E-B07DE8805455}.Debug|x64.Build.0 = Debug|x64
		{E35E4FFF-D215-3762-9E3E-B07DE8805455}.Release|x64.ActiveCfg = Release|x64
		{E35E4FFF-D215-3762-9E3E-B07DE8805455}.Release|x64.Build.0 = Release|x64
		{E35E4FFF-D215-3762-9E3E-B07DE8805455}.MinSizeRel|x64.ActiveCfg = MinSizeRel|x64
		{E35E4FFF-D215-3762-9E3E-B07DE8805455}.MinSizeRel|x64.Build.0 = MinSizeRel|x64
		{E35E4FFF-D215-3762-9E3E-B07DE8805455}.RelWithDebInfo|x64.ActiveCfg = RelWithDebInfo|x64
		{E35E4FFF-D215-3762-9E3E-B07DE8805455}.RelWithDebInfo|x64.Build.0 = RelWithDebInfo|x64
		{E6195FB5-224D-3927-AD7A-7C09B403F44C}.Debug|x64.ActiveCfg = Debug|x64
		{E6195FB5-224D-3927-AD7A-7C09B403F44C}.Debug|x64.Build.0 = Debug|x64
		{E6195FB5-224D-3927-AD7A-7C09B403F44C}.Release|x64.ActiveCfg = Release|x64
		{E6195FB5-224D-3927-AD7A-7C09B403F44C}.Release|x64.Build.0 = Release|x64
		{E6195FB5-224D-3927-AD7A-7C09B403F44C}.MinSizeRel|x64.ActiveCfg = MinSizeRel|x64
		{E6195FB5-224D-3927-AD7A-7C09B403F44C}.MinSizeRel|x64.Build.0 = MinSizeRel|x64
		{E6195FB5-224D-3927-AD7A-7C09B403F44C}.RelWithDebInfo|x64.ActiveCfg = RelWithDebInfo|x64
		{E6195FB5-224D-3927-AD7A-7C09B403F44C}.RelWithDebInfo|x64.Build.0 = RelWithDebInfo|x64
		{11B7E3F9-15ED-3A88-B094-E088BCC25B15}.Debug|x64.ActiveCfg = Debug|x64
		{11B7E3F9-15ED-3A88-B094-E088BCC25B15}.Debug|x64.Build.0 = Debug|x64
		{11B7E3F9-15ED-3A88-B094-E088BCC25B15}.Release|x64.ActiveCfg = Release|x64
		{11B7E3F9-15ED-3A88-B094-E088BCC25B15}.Release|x64.Build.0 = Release|x64
		{11B7E3F9-15ED-3A88-B094-E088BCC25B15}.MinSizeRel|x64.ActiveCfg = MinSizeRel|x64
		{11B7E3F9-15ED-3A88-B094-E088BCC25B15}.MinSizeRel|x64.Build.0 = MinSizeRel|x64
		{11B7E3F9-15ED-3A88-B094-E088BCC25B15}.RelWithDebInfo|x64.ActiveCfg = RelWithDebInfo|x64
		{11B7E3F9-15ED-3A88-B094-E088BCC25B15}.RelWithDebInfo|x64.Build.0 = RelWithDebInfo|x64
		{21B66226-8839-33D1-A1EF-007C7C1D0657}.Debug|x64.ActiveCfg = Debug|x64
		{21B66226-8839-33D1-A1EF-007C7C1D0657}.Debug|x64.Build.0 = Debug|x64
		{21B66226-8839-33D1-A1EF-007C7C1D0657}.Release|x64.ActiveCfg = Release|x64
		{21B66226-8839-33D1-A1EF-007C7C1D0657}.Release|x64.Build.0 = Release|x64
		{21B66226-8839-33D1-A1EF-007C7C1D0657}.MinSizeRel|x64.ActiveCfg = MinSizeRel|x64
		{21B66226-8839-33D1-A1EF-007C7C1D0657}.MinSizeRel|x64.Build.0 = MinSizeRel|x64
		{21B66226-8839-33D1-A1EF-007C7C1D0657}.RelWithDebInfo|x64.ActiveCfg = RelWithDebInfo|x64
		{21B66226-8839-33D1-A1EF-007C7C1D0657}.RelWithDebInfo|x64.Build.0 = RelWithDebInfo|x64
		{738FC15B-8CA7-3404-942D-61339AD40791}.Debug|x64.ActiveCfg = Debug|x64
		{738FC15B-8CA7-3404-942D-61339AD40791}.Debug|x64.Build.0 = Debug|x64
		{738FC15B-8CA7-3404-942D-61339AD40791}.Release|x64.ActiveCfg = Release|x64
		{738FC15B-8CA7-3404-942D-61339AD40791}.Release|x64.Build.0 = Release|x64
		{738FC15B-8CA7-3404-942D-61339AD40791}.MinSizeRel|x64.ActiveCfg = MinSizeRel|x64
		{738FC15B-8CA7-3404-942D-61339AD40791}.MinSizeRel|x64.Build.0 = MinSizeRel|x64
		{738FC15B-8CA7-3404-942D-61339AD40791}.RelWithDebInfo|x64.ActiveCfg = RelWithDebInfo|x64
		{738FC15B-8CA7-3404-942D-61339AD40791}.RelWithDebInfo|x64.Build.0 = RelWithDebInfo|x64
		{39F809D5-0474-3D01-BFF4-C78068E1D01D}.Debug|x64.ActiveCfg = Debug|x64
		{39F809D5-0474-3D01-BFF4-C78068E1D01D}.Debug|x64.Build.0 = Debug|x64
		{39F809D5-0474-3D01-BFF4-C78068E1D01D}.Release|x64.ActiveCfg = Release|x64
		{39F809D5-0474-3D01-BFF4-C78068E1D01D}.Release|x64.Build.0 = Release|x64
		{39F809D5-0474-3D01-BFF4-C78068E1D01D}.MinSizeRel|x64.ActiveCfg = MinSizeRel|x64
		{39F809D5-0474-3D01-BFF4-C78068E1D01D}.MinSizeRel|x64.Build.0 = MinSizeRel|x64
		{39F809D5-0474-3D01-BFF4-C78068E1D01D}.RelWithDebInfo|x64.ActiveCfg = RelWithDebInfo|x64
		{39F809D5-0474-3D01-BFF4-C78068E1D01D}.RelWithDebInfo|x64.Build.0 = RelWithDebInfo|x64
		{2933844F-497B-3215-B7AE-E7F4FA8E9BDE}.Debug|x64.ActiveCfg = Debug|x64
		{2933844F-497B-3215-B7AE-E7F4FA8E9BDE}.Debug|x64.Build.0 = Debug|x64
		{2933844F-497B-3215-B7AE-E7F4FA8E9BDE}.Release|x64.ActiveCfg = Release|x64
		{2933844F-497B-3215-B7AE-E7F4FA8E9BDE}.Release|x64.Build.0 = Release|x64
		{2933844F-497B-3215-B7AE-E7F4FA8E9BDE}.MinSizeRel|x64.ActiveCfg = MinSizeRel|x64
		{2933844F-497B-3215-B7AE-E7F4FA8E9BDE}.MinSizeRel|x64.Build.0 = MinSizeRel|x64
		{2933844F-497B-3215-B7AE-E7F4FA8E9BDE}.RelWithDebInfo|x64.ActiveCfg = RelWithDebInfo|x64
		{2933844F-497B-3215-B7AE-E7F4FA8E9BDE}.RelWithDebInfo|x64.Build.0 = RelWithDebInfo|x64
		{507C0C51-23AF-30D8-9AAD-A33FFB4945A5}.Debug|x64.ActiveCfg = Debug|x64
		{507C0C51-23AF-30D8-9AAD-A33FFB4945A5}.Debug|x64.Build.0 = Debug|x64
		{507C0C51-23AF-30D8-9AAD-A33FFB4945A5}.Release|x64.ActiveCfg = Release|x64
		{507C0C51-23AF-30D8-9AAD-A33FFB4945A5}.Release|x64.Build.0 = Release|x64
		{507C0C51-23AF-30D8-9AAD-A33FFB4945A5}.MinSizeRel|x64.ActiveCfg = MinSizeRel|x64
		{507C0C51-23AF-30D8-9AAD-A33FFB4945A5}.MinSizeRel|x64.Build.0 = MinSizeRel|x64
		{507C0C51-23AF-30D8-9AAD-A33FFB4945A5}.RelWithDebInfo|x64.ActiveCfg = RelWithDebInfo|x64
		{507C0C51-23AF-30D8-9AAD-A33FFB4945A5}.RelWithDebInfo|x64.Build.0 = RelWithDebInfo|x64
		{2F070647-3AD2-3CA2-9B1B-D77A0247085B}.Debug|x64.ActiveCfg = Debug|x64
		{2F070647-3AD2-3CA2-9B1B-D77A0247085B}.Debug|x64.Build.0 = Debug|x64
		{2F070647-3AD2-3CA2-9B1B-D77A0247085B}.Release|x64.ActiveCfg = Release|x64
		{2F070647-3AD2-3CA2-9B1B-D77A0247085B}.Release|x64.Build.0 = Release|x64
		{2F070647-3AD2-3CA2-9B1B-D77A0247085B}.MinSizeRel|x64.ActiveCfg = MinSizeRel|x64
		{2F070647-3AD2-3CA2-9B1B-D77A0247085B}.MinSizeRel|x64.Build.0 = MinSizeRel|x64
		{2F070647-3AD2-3CA2-9B1B-D77A0247085B}.RelWithDebInfo|x64.ActiveCfg = RelWithDebInfo|x64
		{2F070647-3AD2-3CA2-9B1B-D77A0247085B}.RelWithDebInfo|x64.Build.0 = RelWithDebInfo|x64
		{09CC8E05-DD14-35A5-B8D0-89B46F17C857}.Debug|x64.ActiveCfg = Debug|x64
		{09CC8E05-DD14-35A5-B8D0-89B46F17C857}.Debug|x64.Build.0 = Debug|x64
		{09CC8E05-DD14-35A5-B8D0-89B46F17C857}.Release|x64.ActiveCfg = Release|x64
		{09CC8E05-DD14-35A5-B8D0-89B46F17C857}.Release|x64.Build.0 = Release|x64
		{09CC8E05-DD14-35A5-B8D0-89B46F17C857}.MinSizeRel|x64.ActiveCfg = MinSizeRel|x64
		{09CC8E05-DD14-35A5-B8D0-89B46F17C857}.MinSizeRel|x64.Build.0 = MinSizeRel|x64
		{09CC8E05-DD14-35A5-B8D0-89B46F17C857}.RelWithDebInfo|x64.ActiveCfg = RelWithDebInfo|x64
		{09CC8E05-DD14-35A5-B8D0-89B46F17C857}.RelWithDebInfo|x64.Build.0 = RelWithDebInfo|x64
		{C3B45A13-E345-3BEE-9183-68ED42ADEE53}.Debug|x64.ActiveCfg = Debug|x64
		{C3B45A13-E345-3BEE-9183-68ED42ADEE53}.Debug|x64.Build.0 = Debug|x64
		{C3B45A13-E345-3BEE-9183-68ED42ADEE53}.Release|x64.ActiveCfg = Release|x64
		{C3B45A13-E345-3BEE-9183-68ED42ADEE53}.Release|x64.Build.0 = Release|x64
		{C3B45A13-E345-3BEE-9183-68ED42ADEE53}.MinSizeRel|x64.ActiveCfg = MinSizeRel|x64
		{C3B45A13-E345-3BEE-9183-68ED42ADEE53}.MinSizeRel|x64.Build.0 = MinSizeRel|x64
		{C3B45A13-E345-3BEE-9183-68ED42ADEE53}.RelWithDebInfo|x64.ActiveCfg = RelWithDebInfo|x64
		{C3B45A13-E345-3BEE-9183-68ED42ADEE53}.RelWithDebInfo|x64.Build.0 = RelWithDebInfo|x64
		{5F9355FA-BD4D-3AE5-97B4-C9CD7C9483AE}.Debug|x64.ActiveCfg = Debug|x64
		{5F9355FA-BD4D-3AE5-97B4-C9CD7C9483AE}.Debug|x64.Build.0 = Debug|x64
		{5F9355FA-BD4D-3AE5-97B4-C9CD7C9483AE}.Release|x64.ActiveCfg = Release|x64
		{5F9355FA-BD4D-3AE5-97B4-C9CD7C9483AE}.Release|x64.Build.0 = Release|x64
		{5F9355FA-BD4D-3AE5-97B4-C9CD7C9483AE}.MinSizeRel|x64.ActiveCfg = MinSizeRel|x64
		{5F9355FA-BD4D-3AE5-97B4-C9CD7C9483AE}.MinSizeRel|x64.Build.0 = MinSizeRel|x64
		{5F9355FA-BD4D-3AE5-97B4-C9CD7C9483AE}.RelWithDebInfo|x64.ActiveCfg = RelWithDebInfo|x64
		{5F9355FA-BD4D-3AE5-97B4-C9CD7C9483AE}.RelWithDebInfo|x64.Build.0 = RelWithDebInfo|x64
		{AC660957-894A-3C35-8E1F-5F7E1EFC9175}.Debug|x64.ActiveCfg = Debug|x64
		{AC660957-894A-3C35-8E1F-5F7E1EFC9175}.Debug|x64.Build.0 = Debug|x64
		{AC660957-894A-3C35-8E1F-5F7E1EFC9175}.Release|x64.ActiveCfg = Release|x64
		{AC660957-894A-3C35-8E1F-5F7E1EFC9175}.Release|x64.Build.0 = Release|x64
		{AC660957-894A-3C35-8E1F-5F7E1EFC9175}.MinSizeRel|x64.ActiveCfg = MinSizeRel|x64
		{AC660957-894A-3C35-8E1F-5F7E1EFC9175}.MinSizeRel|x64.Build.0 = MinSizeRel|x64
		{AC660957-894A-3C35-8E1F-5F7E1EFC9175}.RelWithDebInfo|x64.ActiveCfg = RelWithDebInfo|x64
		{AC660957-894A-3C35-8E1F-5F7E1EFC9175}.RelWithDebInfo|x64.Build.0 = RelWithDebInfo|x64
		{B33D8591-BDF8-39D3-B07A-C86DF05245F1}.Debug|x64.ActiveCfg = Debug|x64
		{B33D8591-BDF8-39D3-B07A-C86DF05245F1}.Debug|x64.Build.0 = Debug|x64
		{B33D8591-BDF8-39D3-B07A-C86DF05245F1}.Release|x64.ActiveCfg = Release|x64
		{B33D8591-BDF8-39D3-B07A-C86DF05245F1}.Release|x64.Build.0 = Release|x64
		{B33D8591-BDF8-39D3-B07A-C86DF05245F1}.MinSizeRel|x64.ActiveCfg = MinSizeRel|x64
		{B33D8591-BDF8-39D3-B07A-C86DF05245F1}.MinSizeRel|x64.Build.0 = MinSizeRel|x64
		{B33D8591-BDF8-39D3-B07A-C86DF05245F1}.RelWithDebInfo|x64.ActiveCfg = RelWithDebInfo|x64
		{B33D8591-BDF8-39D3-B07A-C86DF05245F1}.RelWithDebInfo|x64.Build.0 = RelWithDebInfo|x64
		{06656CC6-1C89-34B3-A901-40F8DD68F827}.Debug|x64.ActiveCfg = Debug|x64
		{06656CC6-1C89-34B3-A901-40F8DD68F827}.Debug|x64.Build.0 = Debug|x64
		{06656CC6-1C89-34B3-A901-40F8DD68F827}.Release|x64.ActiveCfg = Release|x64
		{06656CC6-1C89-34B3-A901-40F8DD68F827}.Release|x64.Build.0 = Release|x64
		{06656CC6-1C89-34B3-A901-40F8DD68F827}.MinSizeRel|x64.ActiveCfg = MinSizeRel|x64
		{06656CC6-1C89-34B3-A901-40F8DD68F827}.MinSizeRel|x64.Build.0 = MinSizeRel|x64
		{06656CC6-1C89-34B3-A901-40F8DD68F827}.RelWithDebInfo|x64.ActiveCfg = RelWithDebInfo|x64
		{06656CC6-1C89-34B3-A901-40F8DD68F827}.RelWithDebInfo|x64.Build.0 = RelWithDebInfo|x64
		{4E53F6C8-DB3B-3D8D-A713-8DD78ACBAD88}.Debug|x64.ActiveCfg = Debug|x64
		{4E53F6C8-DB3B-3D8D-A713-8DD78ACBAD88}.Debug|x64.Build.0 = Debug|x64
		{4E53F6C8-DB3B-3D8D-A713-8DD78ACBAD88}.Release|x64.ActiveCfg = Release|x64
		{4E53F6C8-DB3B-3D8D-A713-8DD78ACBAD88}.Release|x64.Build.0 = Release|x64
		{4E53F6C8-DB3B-3D8D-A713-8DD78ACBAD88}.MinSizeRel|x64.ActiveCfg = MinSizeRel|x64
		{4E53F6C8-DB3B-3D8D-A713-8DD78ACBAD88}.MinSizeRel|x64.Build.0 = MinSizeRel|x64
		{4E53F6C8-DB3B-3D8D-A713-8DD78ACBAD88}.RelWithDebInfo|x64.ActiveCfg = RelWithDebInfo|x64
		{4E53F6C8-DB3B-3D8D-A713-8DD78ACBAD88}.RelWithDebInfo|x64.Build.0 = RelWithDebInfo|x64
		{AF4DC732-C446-3704-AA06-9E976BFA1B34}.Debug|x64.ActiveCfg = Debug|x64
		{AF4DC732-C446-3704-AA06-9E976BFA1B34}.Debug|x64.Build.0 = Debug|x64
		{AF4DC732-C446-3704-AA06-9E976BFA1B34}.Release|x64.ActiveCfg = Release|x64
		{AF4DC732-C446-3704-AA06-9E976BFA1B34}.Release|x64.Build.0 = Release|x64
		{AF4DC732-C446-3704-AA06-9E976BFA1B34}.MinSizeRel|x64.ActiveCfg = MinSizeRel|x64
		{AF4DC732-C446-3704-AA06-9E976BFA1B34}.MinSizeRel|x64.Build.0 = MinSizeRel|x64
		{AF4DC732-C446-3704-AA06-9E976BFA1B34}.RelWithDebInfo|x64.ActiveCfg = RelWithDebInfo|x64
		{AF4DC732-C446-3704-AA06-9E976BFA1B34}.RelWithDebInfo|x64.Build.0 = RelWithDebInfo|x64
		{5740F04A-33D7-3185-A6AE-6C6A82431BA0}.Debug|x64.ActiveCfg = Debug|x64
		{5740F04A-33D7-3185-A6AE-6C6A82431BA0}.Debug|x64.Build.0 = Debug|x64
		{5740F04A-33D7-3185-A6AE-6C6A82431BA0}.Release|x64.ActiveCfg = Release|x64
		{5740F04A-33D7-3185-A6AE-6C6A82431BA0}.Release|x64.Build.0 = Release|x64
		{5740F04A-33D7-3185-A6AE-6C6A82431BA0}.MinSizeRel|x64.ActiveCfg = MinSizeRel|x64
		{5740F04A-33D7-3185-A6AE-6C6A82431BA0}.MinSizeRel|x64.Build.0 = MinSizeRel|x64
		{5740F04A-33D7-3185-A6AE-6C6A82431BA0}.RelWithDebInfo|x64.ActiveCfg = RelWithDebInfo|x64
		{5740F04A-33D7-3185-A6AE-6C6A82431BA0}.RelWithDebInfo|x64.Build.0 = RelWithDebInfo|x64
		{49A2ABB3-7708-3CBD-99B0-609DB9F5403A}.Debug|x64.ActiveCfg = Debug|x64
		{49A2ABB3-7708-3CBD-99B0-609DB9F5403A}.Debug|x64.Build.0 = Debug|x64
		{49A2ABB3-7708-3CBD-99B0-609DB9F5403A}.Release|x64.ActiveCfg = Release|x64
		{49A2ABB3-7708-3CBD-99B0-609DB9F5403A}.Release|x64.Build.0 = Release|x64
		{49A2ABB3-7708-3CBD-99B0-609DB9F5403A}.MinSizeRel|x64.ActiveCfg = MinSizeRel|x64
		{49A2ABB3-7708-3CBD-99B0-609DB9F5403A}.MinSizeRel|x64.Build.0 = MinSizeRel|x64
		{49A2ABB3-7708-3CBD-99B0-609DB9F5403A}.RelWithDebInfo|x64.ActiveCfg = RelWithDebInfo|x64
		{49A2ABB3-7708-3CBD-99B0-609DB9F5403A}.RelWithDebInfo|x64.Build.0 = RelWithDebInfo|x64
		{9EACD417-431D-3113-AA2A-BDAE0FF874A6}.Debug|x64.ActiveCfg = Debug|x64
		{9EACD417-431D-3113-AA2A-BDAE0FF874A6}.Debug|x64.Build.0 = Debug|x64
		{9EACD417-431D-3113-AA2A-BDAE0FF874A6}.Release|x64.ActiveCfg = Release|x64
		{9EACD417-431D-3113-AA2A-BDAE0FF874A6}.Release|x64.Build.0 = Release|x64
		{9EACD417-431D-3113-AA2A-BDAE0FF874A6}.MinSizeRel|x64.ActiveCfg = MinSizeRel|x64
		{9EACD417-431D-3113-AA2A-BDAE0FF874A6}.MinSizeRel|x64.Build.0 = MinSizeRel|x64
		{9EACD417-431D-3113-AA2A-BDAE0FF874A6}.RelWithDebInfo|x64.ActiveCfg = RelWithDebInfo|x64
		{9EACD417-431D-3113-AA2A-BDAE0FF874A6}.RelWithDebInfo|x64.Build.0 = RelWithDebInfo|x64
		{55112518-87E6-3101-8CF5-FACA330289E4}.Debug|x64.ActiveCfg = Debug|x64
		{55112518-87E6-3101-8CF5-FACA330289E4}.Debug|x64.Build.0 = Debug|x64
		{55112518-87E6-3101-8CF5-FACA330289E4}.Release|x64.ActiveCfg = Release|x64
		{55112518-87E6-3101-8CF5-FACA330289E4}.Release|x64.Build.0 = Release|x64
		{55112518-87E6-3101-8CF5-FACA330289E4}.MinSizeRel|x64.ActiveCfg = MinSizeRel|x64
		{55112518-87E6-3101-8CF5-FACA330289E4}.MinSizeRel|x64.Build.0 = MinSizeRel|x64
		{55112518-87E6-3101-8CF5-FACA330289E4}.RelWithDebInfo|x64.ActiveCfg = RelWithDebInfo|x64
		{55112518-87E6-3101-8CF5-FACA330289E4}.RelWithDebInfo|x64.Build.0 = RelWithDebInfo|x64
		{7106755C-6F93-30BA-8C8F-6A4A992C2A95}.Debug|x64.ActiveCfg = Debug|x64
		{7106755C-6F93-30BA-8C8F-6A4A992C2A95}.Debug|x64.Build.0 = Debug|x64
		{7106755C-6F93-30BA-8C8F-6A4A992C2A95}.Release|x64.ActiveCfg = Release|x64
		{7106755C-6F93-30BA-8C8F-6A4A992C2A95}.Release|x64.Build.0 = Release|x64
		{7106755C-6F93-30BA-8C8F-6A4A992C2A95}.MinSizeRel|x64.ActiveCfg = MinSizeRel|x64
		{7106755C-6F93-30BA-8C8F-6A4A992C2A95}.MinSizeRel|x64.Build.0 = MinSizeRel|x64
		{7106755C-6F93-30BA-8C8F-6A4A992C2A95}.RelWithDebInfo|x64.ActiveCfg = RelWithDebInfo|x64
		{7106755C-6F93-30BA-8C8F-6A4A992C2A95}.RelWithDebInfo|x64.Build.0 = RelWithDebInfo|x64
		{13B286F7-B66E-3E9C-9A21-3F64AB9D95F1}.Debug|x64.ActiveCfg = Debug|x64
		{13B286F7-B66E-3E9C-9A21-3F64AB9D95F1}.Debug|x64.Build.0 = Debug|x64
		{13B286F7-B66E-3E9C-9A21-3F64AB9D95F1}.Release|x64.ActiveCfg = Release|x64
		{13B286F7-B66E-3E9C-9A21-3F64AB9D95F1}.Release|x64.Build.0 = Release|x64
		{13B286F7-B66E-3E9C-9A21-3F64AB9D95F1}.MinSizeRel|x64.ActiveCfg = MinSizeRel|x64
		{13B286F7-B66E-3E9C-9A21-3F64AB9D95F1}.MinSizeRel|x64.Build.0 = MinSizeRel|x64
		{13B286F7-B66E-3E9C-9A21-3F64AB9D95F1}.RelWithDebInfo|x64.ActiveCfg = RelWithDebInfo|x64
		{13B286F7-B66E-3E9C-9A21-3F64AB9D95F1}.RelWithDebInfo|x64.Build.0 = RelWithDebInfo|x64
		{ED2C7ACF-280D-3CD1-96D2-A703BCE9B6F1}.Debug|x64.ActiveCfg = Debug|x64
		{ED2C7ACF-280D-3CD1-96D2-A703BCE9B6F1}.Debug|x64.Build.0 = Debug|x64
		{ED2C7ACF-280D-3CD1-96D2-A703BCE9B6F1}.Release|x64.ActiveCfg = Release|x64
		{ED2C7ACF-280D-3CD1-96D2-A703BCE9B6F1}.Release|x64.Build.0 = Release|x64
		{ED2C7ACF-280D-3CD1-96D2-A703BCE9B6F1}.MinSizeRel|x64.ActiveCfg = MinSizeRel|x64
		{ED2C7ACF-280D-3CD1-96D2-A703BCE9B6F1}.MinSizeRel|x64.Build.0 = MinSizeRel|x64
		{ED2C7ACF-280D-3CD1-96D2-A703BCE9B6F1}.RelWithDebInfo|x64.ActiveCfg = RelWithDebInfo|x64
		{ED2C7ACF-280D-3CD1-96D2-A703BCE9B6F1}.RelWithDebInfo|x64.Build.0 = RelWithDebInfo|x64
		{8D1230E9-8F86-33DB-A14E-16D7A8E7C187}.Debug|x64.ActiveCfg = Debug|x64
		{8D1230E9-8F86-33DB-A14E-16D7A8E7C187}.Debug|x64.Build.0 = Debug|x64
		{8D1230E9-8F86-33DB-A14E-16D7A8E7C187}.Release|x64.ActiveCfg = Release|x64
		{8D1230E9-8F86-33DB-A14E-16D7A8E7C187}.Release|x64.Build.0 = Release|x64
		{8D1230E9-8F86-33DB-A14E-16D7A8E7C187}.MinSizeRel|x64.ActiveCfg = MinSizeRel|x64
		{8D1230E9-8F86-33DB-A14E-16D7A8E7C187}.MinSizeRel|x64.Build.0 = MinSizeRel|x64
		{8D1230E9-8F86-33DB-A14E-16D7A8E7C187}.RelWithDebInfo|x64.ActiveCfg = RelWithDebInfo|x64
		{8D1230E9-8F86-33DB-A14E-16D7A8E7C187}.RelWithDebInfo|x64.Build.0 = RelWithDebInfo|x64
		{D7927217-9AD6-3265-A2E3-1CE45CD23F2E}.Debug|x64.ActiveCfg = Debug|x64
		{D7927217-9AD6-3265-A2E3-1CE45CD23F2E}.Debug|x64.Build.0 = Debug|x64
		{D7927217-9AD6-3265-A2E3-1CE45CD23F2E}.Release|x64.ActiveCfg = Release|x64
		{D7927217-9AD6-3265-A2E3-1CE45CD23F2E}.Release|x64.Build.0 = Release|x64
		{D7927217-9AD6-3265-A2E3-1CE45CD23F2E}.MinSizeRel|x64.ActiveCfg = MinSizeRel|x64
		{D7927217-9AD6-3265-A2E3-1CE45CD23F2E}.MinSizeRel|x64.Build.0 = MinSizeRel|x64
		{D7927217-9AD6-3265-A2E3-1CE45CD23F2E}.RelWithDebInfo|x64.ActiveCfg = RelWithDebInfo|x64
		{D7927217-9AD6-3265-A2E3-1CE45CD23F2E}.RelWithDebInfo|x64.Build.0 = RelWithDebInfo|x64
		{0408A52F-B668-3F0F-9CB1-C8357E651C91}.Debug|x64.ActiveCfg = Debug|x64
		{0408A52F-B668-3F0F-9CB1-C8357E651C91}.Debug|x64.Build.0 = Debug|x64
		{0408A52F-B668-3F0F-9CB1-C8357E651C91}.Release|x64.ActiveCfg = Release|x64
		{0408A52F-B668-3F0F-9CB1-C8357E651C91}.Release|x64.Build.0 = Release|x64
		{0408A52F-B668-3F0F-9CB1-C8357E651C91}.MinSizeRel|x64.ActiveCfg = MinSizeRel|x64
		{0408A52F-B668-3F0F-9CB1-C8357E651C91}.MinSizeRel|x64.Build.0 = MinSizeRel|x64
		{0408A52F-B668-3F0F-9CB1-C8357E651C91}.RelWithDebInfo|x64.ActiveCfg = RelWithDebInfo|x64
		{0408A52F-B668-3F0F-9CB1-C8357E651C91}.RelWithDebInfo|x64.Build.0 = RelWithDebInfo|x64
		{E24B2509-52FB-3C73-9493-C0F898E3F163}.Debug|x64.ActiveCfg = Debug|x64
		{E24B2509-52FB-3C73-9493-C0F898E3F163}.Debug|x64.Build.0 = Debug|x64
		{E24B2509-52FB-3C73-9493-C0F898E3F163}.Release|x64.ActiveCfg = Release|x64
		{E24B2509-52FB-3C73-9493-C0F898E3F163}.Release|x64.Build.0 = Release|x64
		{E24B2509-52FB-3C73-9493-C0F898E3F163}.MinSizeRel|x64.ActiveCfg = MinSizeRel|x64
		{E24B2509-52FB-3C73-9493-C0F898E3F163}.MinSizeRel|x64.Build.0 = MinSizeRel|x64
		{E24B2509-52FB-3C73-9493-C0F898E3F163}.RelWithDebInfo|x64.ActiveCfg = RelWithDebInfo|x64
		{E24B2509-52FB-3C73-9493-C0F898E3F163}.RelWithDebInfo|x64.Build.0 = RelWithDebInfo|x64
		{B24DFF99-F95D-3068-943A-15B40002EF90}.Debug|x64.ActiveCfg = Debug|x64
		{B24DFF99-F95D-3068-943A-15B40002EF90}.Debug|x64.Build.0 = Debug|x64
		{B24DFF99-F95D-3068-943A-15B40002EF90}.Release|x64.ActiveCfg = Release|x64
		{B24DFF99-F95D-3068-943A-15B40002EF90}.Release|x64.Build.0 = Release|x64
		{B24DFF99-F95D-3068-943A-15B40002EF90}.MinSizeRel|x64.ActiveCfg = MinSizeRel|x64
		{B24DFF99-F95D-3068-943A-15B40002EF90}.MinSizeRel|x64.Build.0 = MinSizeRel|x64
		{B24DFF99-F95D-3068-943A-15B40002EF90}.RelWithDebInfo|x64.ActiveCfg = RelWithDebInfo|x64
		{B24DFF99-F95D-3068-943A-15B40002EF90}.RelWithDebInfo|x64.Build.0 = RelWithDebInfo|x64
		{8B98A683-4FC6-3856-88DE-355D706B16E5}.Debug|x64.ActiveCfg = Debug|x64
		{8B98A683-4FC6-3856-88DE-355D706B16E5}.Debug|x64.Build.0 = Debug|x64
		{8B98A683-4FC6-3856-88DE-355D706B16E5}.Release|x64.ActiveCfg = Release|x64
		{8B98A683-4FC6-3856-88DE-355D706B16E5}.Release|x64.Build.0 = Release|x64
		{8B98A683-4FC6-3856-88DE-355D706B16E5}.MinSizeRel|x64.ActiveCfg = MinSizeRel|x64
		{8B98A683-4FC6-3856-88DE-355D706B16E5}.MinSizeRel|x64.Build.0 = MinSizeRel|x64
		{8B98A683-4FC6-3856-88DE-355D706B16E5}.RelWithDebInfo|x64.ActiveCfg = RelWithDebInfo|x64
		{8B98A683-4FC6-3856-88DE-355D706B16E5}.RelWithDebInfo|x64.Build.0 = RelWithDebInfo|x64
		{94E16365-3AA7-3D71-A26B-3EE2931AE86F}.Debug|x64.ActiveCfg = Debug|x64
		{94E16365-3AA7-3D71-A26B-3EE2931AE86F}.Debug|x64.Build.0 = Debug|x64
		{94E16365-3AA7-3D71-A26B-3EE2931AE86F}.Release|x64.ActiveCfg = Release|x64
		{94E16365-3AA7-3D71-A26B-3EE2931AE86F}.Release|x64.Build.0 = Release|x64
		{94E16365-3AA7-3D71-A26B-3EE2931AE86F}.MinSizeRel|x64.ActiveCfg = MinSizeRel|x64
		{94E16365-3AA7-3D71-A26B-3EE2931AE86F}.MinSizeRel|x64.Build.0 = MinSizeRel|x64
		{94E16365-3AA7-3D71-A26B-3EE2931AE86F}.RelWithDebInfo|x64.ActiveCfg = RelWithDebInfo|x64
		{94E16365-3AA7-3D71-A26B-3EE2931AE86F}.RelWithDebInfo|x64.Build.0 = RelWithDebInfo|x64
		{7633AC77-9554-3B86-9E8E-2AF12E65A82F}.Debug|x64.ActiveCfg = Debug|x64
		{7633AC77-9554-3B86-9E8E-2AF12E65A82F}.Debug|x64.Build.0 = Debug|x64
		{7633AC77-9554-3B86-9E8E-2AF12E65A82F}.Release|x64.ActiveCfg = Release|x64
		{7633AC77-9554-3B86-9E8E-2AF12E65A82F}.Release|x64.Build.0 = Release|x64
		{7633AC77-9554-3B86-9E8E-2AF12E65A82F}.MinSizeRel|x64.ActiveCfg = MinSizeRel|x64
		{7633AC77-9554-3B86-9E8E-2AF12E65A82F}.MinSizeRel|x64.Build.0 = MinSizeRel|x64
		{7633AC77-9554-3B86-9E8E-2AF12E65A82F}.RelWithDebInfo|x64.ActiveCfg = RelWithDebInfo|x64
		{7633AC77-9554-3B86-9E8E-2AF12E65A82F}.RelWithDebInfo|x64.Build.0 = RelWithDebInfo|x64
		{E090FF0A-979E-3E5A-818E-6E1BBB953CB7}.Debug|x64.ActiveCfg = Debug|x64
		{E090FF0A-979E-3E5A-818E-6E1BBB953CB7}.Debug|x64.Build.0 = Debug|x64
		{E090FF0A-979E-3E5A-818E-6E1BBB953CB7}.Release|x64.ActiveCfg = Release|x64
		{E090FF0A-979E-3E5A-818E-6E1BBB953CB7}.Release|x64.Build.0 = Release|x64
		{E090FF0A-979E-3E5A-818E-6E1BBB953CB7}.MinSizeRel|x64.ActiveCfg = MinSizeRel|x64
		{E090FF0A-979E-3E5A-818E-6E1BBB953CB7}.MinSizeRel|x64.Build.0 = MinSizeRel|x64
		{E090FF0A-979E-3E5A-818E-6E1BBB953CB7}.RelWithDebInfo|x64.ActiveCfg = RelWithDebInfo|x64
		{E090FF0A-979E-3E5A-818E-6E1BBB953CB7}.RelWithDebInfo|x64.Build.0 = RelWithDebInfo|x64
	EndGlobalSection
	GlobalSection(ExtensibilityGlobals) = postSolution
		SolutionGuid = {29A91549-8B81-3B7E-80C3-1D703A74DD9B}
	EndGlobalSection
	GlobalSection(ExtensibilityAddIns) = postSolution
	EndGlobalSection
EndGlobal
